PODS:
  - BigInt (5.0.0)
  - CryptoSwift (0.14.0)
  - MnemonicKit (1.3.9):
    - CryptoSwift (~> 0.14.0)
  - Sodium (0.8.0)
  - SwiftGen (6.1.0)
  - TezosSwift/Combine (1.1.1):
    - BigInt (~> 5.0.0)
    - MnemonicKit
    - Sodium (~> 0.8.0)
    - TezosSwift/Core
  - TezosSwift/Core (1.1.1):
    - BigInt (~> 5.0.0)
    - MnemonicKit
    - Sodium (~> 0.8.0)

DEPENDENCIES:
  - SwiftGen (~> 6.0)
  - TezosSwift/Combine (~> 1.1.1)

SPEC REPOS:
  https://cdn.cocoapods.org/:
    - BigInt
    - CryptoSwift
    - MnemonicKit
    - Sodium
    - SwiftGen
    - TezosSwift

SPEC CHECKSUMS:
  BigInt: 74b4d88367b0e819d9f77393549226d36faeb0d8
  CryptoSwift: 35a10419f4dbf0619c13f8c1c180037e115323fa
  MnemonicKit: 5189df03e224eb6c9b63bc3c6b0623fb1134c62d
  Sodium: 63c0ca312a932e6da481689537d4b35568841bdc
  SwiftGen: f872ca75cbd17bf7103c17f13dcfa0d9a15667b0
  TezosSwift: 83d4fa0346d4b195bc026e0f45191140950bea2e

PODFILE CHECKSUM: 662a90b139070697a87700995506e265c6816dc1

COCOAPODS: 1.8.4
