// !$*UTF8*$!
{
	archiveVersion = 1;
	classes = {
	};
	objectVersion = 51;
	objects = {

/* Begin PBXBuildFile section */
		88219AA2D2FD1B6197054344 /* Pods_RateMyTeam_RateMyTeamUITests.framework in Frameworks */ = {isa = PBXBuildFile; fileRef = 5DF4A06F5A24B63B7E0096CE /* Pods_RateMyTeam_RateMyTeamUITests.framework */; };
		C8AAB5DB60D420204701E774 /* Pods_RateMyTeam.framework in Frameworks */ = {isa = PBXBuildFile; fileRef = C61F7F9602D196B19901E7A1 /* Pods_RateMyTeam.framework */; };
		DD3B3DADBC5B897844793E90 /* Pods_RateMyTeam_RateMyTeamTests.framework in Frameworks */ = {isa = PBXBuildFile; fileRef = D67F6068DBF790B363377FAD /* Pods_RateMyTeam_RateMyTeamTests.framework */; };
		F819B5AB239A8BA4009CC6F9 /* ContractsView.swift in Sources */ = {isa = PBXBuildFile; fileRef = F819B5AA239A8BA4009CC6F9 /* ContractsView.swift */; };
		F819B5AD239A93CD009CC6F9 /* AnyViewModel.swift in Sources */ = {isa = PBXBuildFile; fileRef = F819B5AC239A93CD009CC6F9 /* AnyViewModel.swift */; };
		F822CF66239501FE0059AF55 /* RateView.swift in Sources */ = {isa = PBXBuildFile; fileRef = F822CF65239501FE0059AF55 /* RateView.swift */; };
		F822CF68239507480059AF55 /* AppDependency.swift in Sources */ = {isa = PBXBuildFile; fileRef = F822CF67239507470059AF55 /* AppDependency.swift */; };
		F82EBEAA23A23475000636CA /* NavigationConfigurator.swift in Sources */ = {isa = PBXBuildFile; fileRef = F82EBEA923A23475000636CA /* NavigationConfigurator.swift */; };
		F82EBEAC23A2348E000636CA /* ContractsRow.swift in Sources */ = {isa = PBXBuildFile; fileRef = F82EBEAB23A2348E000636CA /* ContractsRow.swift */; };
		F82EBEB523A23C6C000636CA /* RateContractStorage.swift in Sources */ = {isa = PBXBuildFile; fileRef = F82EBEB423A23C6C000636CA /* RateContractStorage.swift */; };
		F82EBEB823A23C8A000636CA /* Publisher+Extra.swift in Sources */ = {isa = PBXBuildFile; fileRef = F82EBEB723A23C8A000636CA /* Publisher+Extra.swift */; };
		F82EBEBA23A23CBC000636CA /* Candidate.swift in Sources */ = {isa = PBXBuildFile; fileRef = F82EBEB923A23CBC000636CA /* Candidate.swift */; };
		F82EBEBC23A23D29000636CA /* RateContract.swift in Sources */ = {isa = PBXBuildFile; fileRef = 67F8B7B87AD38F3FBC3D1074 /* RateContract.swift */; };
		F82EBEBD23A23D29000636CA /* SharedContract.swift in Sources */ = {isa = PBXBuildFile; fileRef = 652687C0143EDA923386C303 /* SharedContract.swift */; };
		F82EBEC123A23E5C000636CA /* InfoView.swift in Sources */ = {isa = PBXBuildFile; fileRef = F82EBEC023A23E5C000636CA /* InfoView.swift */; };
		F82EBEC523A2416B000636CA /* RateContract+Preview.swift in Sources */ = {isa = PBXBuildFile; fileRef = F82EBEC423A2416B000636CA /* RateContract+Preview.swift */; };
		F8317DB123A25561000A9CFC /* RateContract+Extra.swift in Sources */ = {isa = PBXBuildFile; fileRef = F8317DB023A25561000A9CFC /* RateContract+Extra.swift */; };
		F8317DB323A38B8C000A9CFC /* RateRow.swift in Sources */ = {isa = PBXBuildFile; fileRef = F8317DB223A38B8C000A9CFC /* RateRow.swift */; };
		F8317DB523A39147000A9CFC /* Font+Theme.swift in Sources */ = {isa = PBXBuildFile; fileRef = F8317DB423A39147000A9CFC /* Font+Theme.swift */; };
		F8317DB723A3CDD1000A9CFC /* VoteView.swift in Sources */ = {isa = PBXBuildFile; fileRef = F8317DB623A3CDD1000A9CFC /* VoteView.swift */; };
		F8317DB923A3CE2A000A9CFC /* Candidate+Preview.swift in Sources */ = {isa = PBXBuildFile; fileRef = F8317DB823A3CE2A000A9CFC /* Candidate+Preview.swift */; };
		F83B0DAF23A6CBFE00AB1016 /* VoteViewModel.swift in Sources */ = {isa = PBXBuildFile; fileRef = F83B0DAE23A6CBFE00AB1016 /* VoteViewModel.swift */; };
		F83B0DB123A76B6F00AB1016 /* Button+Theme.swift in Sources */ = {isa = PBXBuildFile; fileRef = F83B0DB023A76B6F00AB1016 /* Button+Theme.swift */; };
		F8426550239AAC710034BAC2 /* AnyRepository.swift in Sources */ = {isa = PBXBuildFile; fileRef = F842654F239AAC710034BAC2 /* AnyRepository.swift */; };
		F8426552239AAF880034BAC2 /* RateViewModel.swift in Sources */ = {isa = PBXBuildFile; fileRef = F8426551239AAF880034BAC2 /* RateViewModel.swift */; };
		F88C2D02239ABB81001AB6E5 /* ContractsViewModel.swift in Sources */ = {isa = PBXBuildFile; fileRef = F88C2D01239ABB81001AB6E5 /* ContractsViewModel.swift */; };
		F88C675D238ED1F300912435 /* AppDelegate.swift in Sources */ = {isa = PBXBuildFile; fileRef = F88C675C238ED1F300912435 /* AppDelegate.swift */; };
		F88C675F238ED1F300912435 /* SceneDelegate.swift in Sources */ = {isa = PBXBuildFile; fileRef = F88C675E238ED1F300912435 /* SceneDelegate.swift */; };
		F88C6763238ED1F700912435 /* Images.xcassets in Resources */ = {isa = PBXBuildFile; fileRef = F88C6762238ED1F700912435 /* Images.xcassets */; };
		F88C6766238ED1F700912435 /* Preview Assets.xcassets in Resources */ = {isa = PBXBuildFile; fileRef = F88C6765238ED1F700912435 /* Preview Assets.xcassets */; };
		F88C6769238ED1F700912435 /* LaunchScreen.storyboard in Resources */ = {isa = PBXBuildFile; fileRef = F88C6767238ED1F700912435 /* LaunchScreen.storyboard */; };
		F88C6774238ED1F800912435 /* RateMyTeamTests.swift in Sources */ = {isa = PBXBuildFile; fileRef = F88C6773238ED1F800912435 /* RateMyTeamTests.swift */; };
		F88C677F238ED1F800912435 /* RateMyTeamUITests.swift in Sources */ = {isa = PBXBuildFile; fileRef = F88C677E238ED1F800912435 /* RateMyTeamUITests.swift */; };
		F8EBC5D523A7862C00C9EFB6 /* LoginView.swift in Sources */ = {isa = PBXBuildFile; fileRef = F8EBC5D423A7862C00C9EFB6 /* LoginView.swift */; };
		F8EBC5D723A79FDC00C9EFB6 /* LoginViewModel.swift in Sources */ = {isa = PBXBuildFile; fileRef = F8EBC5D623A79FDC00C9EFB6 /* LoginViewModel.swift */; };
		F8EBC5DB23A7A09500C9EFB6 /* InputView.swift in Sources */ = {isa = PBXBuildFile; fileRef = F8EBC5DA23A7A09500C9EFB6 /* InputView.swift */; };
		F8EBC5DD23A7A0B900C9EFB6 /* InputViewModel.swift in Sources */ = {isa = PBXBuildFile; fileRef = F8EBC5DC23A7A0B900C9EFB6 /* InputViewModel.swift */; };
		F8FBD2AF239E4E65004C6ED9 /* RateRepository.swift in Sources */ = {isa = PBXBuildFile; fileRef = F8FBD2AE239E4E65004C6ED9 /* RateRepository.swift */; };
		F8FBD2B5239E8325004C6ED9 /* Theme.swift in Sources */ = {isa = PBXBuildFile; fileRef = F8FBD2B4239E8325004C6ED9 /* Theme.swift */; };
		F8FBD2BD239E942B004C6ED9 /* Assets.swift in Sources */ = {isa = PBXBuildFile; fileRef = F8FBD2BC239E942B004C6ED9 /* Assets.swift */; };
		F8FBD2BF239E9D38004C6ED9 /* Color+Theme.swift in Sources */ = {isa = PBXBuildFile; fileRef = F8FBD2BE239E9D38004C6ED9 /* Color+Theme.swift */; };
/* End PBXBuildFile section */

/* Begin PBXContainerItemProxy section */
		F88C6770238ED1F800912435 /* PBXContainerItemProxy */ = {
			isa = PBXContainerItemProxy;
			containerPortal = F88C6751238ED1F300912435 /* Project object */;
			proxyType = 1;
			remoteGlobalIDString = F88C6758238ED1F300912435;
			remoteInfo = RateMyTeam;
		};
		F88C677B238ED1F800912435 /* PBXContainerItemProxy */ = {
			isa = PBXContainerItemProxy;
			containerPortal = F88C6751238ED1F300912435 /* Project object */;
			proxyType = 1;
			remoteGlobalIDString = F88C6758238ED1F300912435;
			remoteInfo = RateMyTeam;
		};
/* End PBXContainerItemProxy section */

/* Begin PBXFileReference section */
		3C0A1D9DF5CA9FA0431C9558 /* Pods-RateMyTeam.release.xcconfig */ = {isa = PBXFileReference; includeInIndex = 1; lastKnownFileType = text.xcconfig; name = "Pods-RateMyTeam.release.xcconfig"; path = "Target Support Files/Pods-RateMyTeam/Pods-RateMyTeam.release.xcconfig"; sourceTree = "<group>"; };
		49558A883518E976E44F6ED9 /* Pods-RateMyTeam-RateMyTeamUITests.debug.xcconfig */ = {isa = PBXFileReference; includeInIndex = 1; lastKnownFileType = text.xcconfig; name = "Pods-RateMyTeam-RateMyTeamUITests.debug.xcconfig"; path = "Target Support Files/Pods-RateMyTeam-RateMyTeamUITests/Pods-RateMyTeam-RateMyTeamUITests.debug.xcconfig"; sourceTree = "<group>"; };
		574419E5FC7C7EEDDF13720F /* Pods-RateMyTeam-RateMyTeamTests.debug.xcconfig */ = {isa = PBXFileReference; includeInIndex = 1; lastKnownFileType = text.xcconfig; name = "Pods-RateMyTeam-RateMyTeamTests.debug.xcconfig"; path = "Target Support Files/Pods-RateMyTeam-RateMyTeamTests/Pods-RateMyTeam-RateMyTeamTests.debug.xcconfig"; sourceTree = "<group>"; };
		5DF4A06F5A24B63B7E0096CE /* Pods_RateMyTeam_RateMyTeamUITests.framework */ = {isa = PBXFileReference; explicitFileType = wrapper.framework; includeInIndex = 0; path = Pods_RateMyTeam_RateMyTeamUITests.framework; sourceTree = BUILT_PRODUCTS_DIR; };
		652687C0143EDA923386C303 /* SharedContract.swift */ = {isa = PBXFileReference; explicitFileType = sourcecode.swift; path = SharedContract.swift; sourceTree = "<group>"; };
		67F8B7B87AD38F3FBC3D1074 /* RateContract.swift */ = {isa = PBXFileReference; explicitFileType = sourcecode.swift; path = RateContract.swift; sourceTree = "<group>"; };
		7C4DC4969BABF6B33CE4DF9F /* Pods-RateMyTeam-RateMyTeamTests.release.xcconfig */ = {isa = PBXFileReference; includeInIndex = 1; lastKnownFileType = text.xcconfig; name = "Pods-RateMyTeam-RateMyTeamTests.release.xcconfig"; path = "Target Support Files/Pods-RateMyTeam-RateMyTeamTests/Pods-RateMyTeam-RateMyTeamTests.release.xcconfig"; sourceTree = "<group>"; };
		C61F7F9602D196B19901E7A1 /* Pods_RateMyTeam.framework */ = {isa = PBXFileReference; explicitFileType = wrapper.framework; includeInIndex = 0; path = Pods_RateMyTeam.framework; sourceTree = BUILT_PRODUCTS_DIR; };
		D67F6068DBF790B363377FAD /* Pods_RateMyTeam_RateMyTeamTests.framework */ = {isa = PBXFileReference; explicitFileType = wrapper.framework; includeInIndex = 0; path = Pods_RateMyTeam_RateMyTeamTests.framework; sourceTree = BUILT_PRODUCTS_DIR; };
		DEA6C4618C36B625480E3416 /* Pods-RateMyTeam.debug.xcconfig */ = {isa = PBXFileReference; includeInIndex = 1; lastKnownFileType = text.xcconfig; name = "Pods-RateMyTeam.debug.xcconfig"; path = "Target Support Files/Pods-RateMyTeam/Pods-RateMyTeam.debug.xcconfig"; sourceTree = "<group>"; };
		E6B1E83013593919E49F88D1 /* Pods-RateMyTeam-RateMyTeamUITests.release.xcconfig */ = {isa = PBXFileReference; includeInIndex = 1; lastKnownFileType = text.xcconfig; name = "Pods-RateMyTeam-RateMyTeamUITests.release.xcconfig"; path = "Target Support Files/Pods-RateMyTeam-RateMyTeamUITests/Pods-RateMyTeam-RateMyTeamUITests.release.xcconfig"; sourceTree = "<group>"; };
		F819B5AA239A8BA4009CC6F9 /* ContractsView.swift */ = {isa = PBXFileReference; lastKnownFileType = sourcecode.swift; path = ContractsView.swift; sourceTree = "<group>"; };
		F819B5AC239A93CD009CC6F9 /* AnyViewModel.swift */ = {isa = PBXFileReference; lastKnownFileType = sourcecode.swift; path = AnyViewModel.swift; sourceTree = "<group>"; };
		F822CF65239501FE0059AF55 /* RateView.swift */ = {isa = PBXFileReference; lastKnownFileType = sourcecode.swift; path = RateView.swift; sourceTree = "<group>"; };
		F822CF67239507470059AF55 /* AppDependency.swift */ = {isa = PBXFileReference; lastKnownFileType = sourcecode.swift; path = AppDependency.swift; sourceTree = "<group>"; };
		F82EBEA923A23475000636CA /* NavigationConfigurator.swift */ = {isa = PBXFileReference; lastKnownFileType = sourcecode.swift; path = NavigationConfigurator.swift; sourceTree = "<group>"; };
		F82EBEAB23A2348E000636CA /* ContractsRow.swift */ = {isa = PBXFileReference; lastKnownFileType = sourcecode.swift; path = ContractsRow.swift; sourceTree = "<group>"; };
		F82EBEB423A23C6C000636CA /* RateContractStorage.swift */ = {isa = PBXFileReference; lastKnownFileType = sourcecode.swift; path = RateContractStorage.swift; sourceTree = "<group>"; };
		F82EBEB723A23C8A000636CA /* Publisher+Extra.swift */ = {isa = PBXFileReference; lastKnownFileType = sourcecode.swift; path = "Publisher+Extra.swift"; sourceTree = "<group>"; };
		F82EBEB923A23CBC000636CA /* Candidate.swift */ = {isa = PBXFileReference; lastKnownFileType = sourcecode.swift; path = Candidate.swift; sourceTree = "<group>"; };
		F82EBEC023A23E5C000636CA /* InfoView.swift */ = {isa = PBXFileReference; lastKnownFileType = sourcecode.swift; path = InfoView.swift; sourceTree = "<group>"; };
		F82EBEC423A2416B000636CA /* RateContract+Preview.swift */ = {isa = PBXFileReference; lastKnownFileType = sourcecode.swift; path = "RateContract+Preview.swift"; sourceTree = "<group>"; };
		F8317DB023A25561000A9CFC /* RateContract+Extra.swift */ = {isa = PBXFileReference; lastKnownFileType = sourcecode.swift; path = "RateContract+Extra.swift"; sourceTree = "<group>"; };
		F8317DB223A38B8C000A9CFC /* RateRow.swift */ = {isa = PBXFileReference; lastKnownFileType = sourcecode.swift; path = RateRow.swift; sourceTree = "<group>"; };
		F8317DB423A39147000A9CFC /* Font+Theme.swift */ = {isa = PBXFileReference; lastKnownFileType = sourcecode.swift; path = "Font+Theme.swift"; sourceTree = "<group>"; };
		F8317DB623A3CDD1000A9CFC /* VoteView.swift */ = {isa = PBXFileReference; lastKnownFileType = sourcecode.swift; path = VoteView.swift; sourceTree = "<group>"; };
		F8317DB823A3CE2A000A9CFC /* Candidate+Preview.swift */ = {isa = PBXFileReference; lastKnownFileType = sourcecode.swift; path = "Candidate+Preview.swift"; sourceTree = "<group>"; };
		F83B0DAE23A6CBFE00AB1016 /* VoteViewModel.swift */ = {isa = PBXFileReference; lastKnownFileType = sourcecode.swift; path = VoteViewModel.swift; sourceTree = "<group>"; };
		F83B0DB023A76B6F00AB1016 /* Button+Theme.swift */ = {isa = PBXFileReference; lastKnownFileType = sourcecode.swift; path = "Button+Theme.swift"; sourceTree = "<group>"; };
		F842654F239AAC710034BAC2 /* AnyRepository.swift */ = {isa = PBXFileReference; lastKnownFileType = sourcecode.swift; path = AnyRepository.swift; sourceTree = "<group>"; };
		F8426551239AAF880034BAC2 /* RateViewModel.swift */ = {isa = PBXFileReference; lastKnownFileType = sourcecode.swift; path = RateViewModel.swift; sourceTree = "<group>"; };
		F88C2D01239ABB81001AB6E5 /* ContractsViewModel.swift */ = {isa = PBXFileReference; lastKnownFileType = sourcecode.swift; path = ContractsViewModel.swift; sourceTree = "<group>"; };
		F88C6759238ED1F300912435 /* RateMyTeam.app */ = {isa = PBXFileReference; explicitFileType = wrapper.application; includeInIndex = 0; path = RateMyTeam.app; sourceTree = BUILT_PRODUCTS_DIR; };
		F88C675C238ED1F300912435 /* AppDelegate.swift */ = {isa = PBXFileReference; lastKnownFileType = sourcecode.swift; path = AppDelegate.swift; sourceTree = "<group>"; };
		F88C675E238ED1F300912435 /* SceneDelegate.swift */ = {isa = PBXFileReference; lastKnownFileType = sourcecode.swift; path = SceneDelegate.swift; sourceTree = "<group>"; };
		F88C6762238ED1F700912435 /* Images.xcassets */ = {isa = PBXFileReference; lastKnownFileType = folder.assetcatalog; path = Images.xcassets; sourceTree = "<group>"; };
		F88C6765238ED1F700912435 /* Preview Assets.xcassets */ = {isa = PBXFileReference; lastKnownFileType = folder.assetcatalog; path = "Preview Assets.xcassets"; sourceTree = "<group>"; };
		F88C6768238ED1F700912435 /* Base */ = {isa = PBXFileReference; lastKnownFileType = file.storyboard; name = Base; path = Base.lproj/LaunchScreen.storyboard; sourceTree = "<group>"; };
		F88C676A238ED1F700912435 /* Info.plist */ = {isa = PBXFileReference; lastKnownFileType = text.plist.xml; path = Info.plist; sourceTree = "<group>"; };
		F88C676F238ED1F800912435 /* RateMyTeamTests.xctest */ = {isa = PBXFileReference; explicitFileType = wrapper.cfbundle; includeInIndex = 0; path = RateMyTeamTests.xctest; sourceTree = BUILT_PRODUCTS_DIR; };
		F88C6773238ED1F800912435 /* RateMyTeamTests.swift */ = {isa = PBXFileReference; lastKnownFileType = sourcecode.swift; path = RateMyTeamTests.swift; sourceTree = "<group>"; };
		F88C6775238ED1F800912435 /* Info.plist */ = {isa = PBXFileReference; lastKnownFileType = text.plist.xml; path = Info.plist; sourceTree = "<group>"; };
		F88C677A238ED1F800912435 /* RateMyTeamUITests.xctest */ = {isa = PBXFileReference; explicitFileType = wrapper.cfbundle; includeInIndex = 0; path = RateMyTeamUITests.xctest; sourceTree = BUILT_PRODUCTS_DIR; };
		F88C677E238ED1F800912435 /* RateMyTeamUITests.swift */ = {isa = PBXFileReference; lastKnownFileType = sourcecode.swift; path = RateMyTeamUITests.swift; sourceTree = "<group>"; };
		F88C6780238ED1F800912435 /* Info.plist */ = {isa = PBXFileReference; lastKnownFileType = text.plist.xml; path = Info.plist; sourceTree = "<group>"; };
		F8EBC5D423A7862C00C9EFB6 /* LoginView.swift */ = {isa = PBXFileReference; lastKnownFileType = sourcecode.swift; path = LoginView.swift; sourceTree = "<group>"; };
		F8EBC5D623A79FDC00C9EFB6 /* LoginViewModel.swift */ = {isa = PBXFileReference; lastKnownFileType = sourcecode.swift; path = LoginViewModel.swift; sourceTree = "<group>"; };
		F8EBC5DA23A7A09500C9EFB6 /* InputView.swift */ = {isa = PBXFileReference; lastKnownFileType = sourcecode.swift; path = InputView.swift; sourceTree = "<group>"; };
		F8EBC5DC23A7A0B900C9EFB6 /* InputViewModel.swift */ = {isa = PBXFileReference; lastKnownFileType = sourcecode.swift; path = InputViewModel.swift; sourceTree = "<group>"; };
		F8FBD2AE239E4E65004C6ED9 /* RateRepository.swift */ = {isa = PBXFileReference; lastKnownFileType = sourcecode.swift; path = RateRepository.swift; sourceTree = "<group>"; };
		F8FBD2B4239E8325004C6ED9 /* Theme.swift */ = {isa = PBXFileReference; lastKnownFileType = sourcecode.swift; path = Theme.swift; sourceTree = "<group>"; };
		F8FBD2B8239E83D5004C6ED9 /* Roboto-Bold.ttf */ = {isa = PBXFileReference; lastKnownFileType = file; path = "Roboto-Bold.ttf"; sourceTree = "<group>"; };
		F8FBD2B9239E83D5004C6ED9 /* Roboto-Medium.ttf */ = {isa = PBXFileReference; lastKnownFileType = file; path = "Roboto-Medium.ttf"; sourceTree = "<group>"; };
		F8FBD2BA239E83D5004C6ED9 /* Roboto-Regular.ttf */ = {isa = PBXFileReference; lastKnownFileType = file; path = "Roboto-Regular.ttf"; sourceTree = "<group>"; };
		F8FBD2BC239E942B004C6ED9 /* Assets.swift */ = {isa = PBXFileReference; fileEncoding = 4; lastKnownFileType = sourcecode.swift; path = Assets.swift; sourceTree = "<group>"; };
		F8FBD2BE239E9D38004C6ED9 /* Color+Theme.swift */ = {isa = PBXFileReference; lastKnownFileType = sourcecode.swift; path = "Color+Theme.swift"; sourceTree = "<group>"; };
/* End PBXFileReference section */

/* Begin PBXFrameworksBuildPhase section */
		F88C6756238ED1F300912435 /* Frameworks */ = {
			isa = PBXFrameworksBuildPhase;
			buildActionMask = 2147483647;
			files = (
				C8AAB5DB60D420204701E774 /* Pods_RateMyTeam.framework in Frameworks */,
			);
			runOnlyForDeploymentPostprocessing = 0;
		};
		F88C676C238ED1F800912435 /* Frameworks */ = {
			isa = PBXFrameworksBuildPhase;
			buildActionMask = 2147483647;
			files = (
				DD3B3DADBC5B897844793E90 /* Pods_RateMyTeam_RateMyTeamTests.framework in Frameworks */,
			);
			runOnlyForDeploymentPostprocessing = 0;
		};
		F88C6777238ED1F800912435 /* Frameworks */ = {
			isa = PBXFrameworksBuildPhase;
			buildActionMask = 2147483647;
			files = (
				88219AA2D2FD1B6197054344 /* Pods_RateMyTeam_RateMyTeamUITests.framework in Frameworks */,
			);
			runOnlyForDeploymentPostprocessing = 0;
		};
/* End PBXFrameworksBuildPhase section */

/* Begin PBXGroup section */
		4798EECD04F1AEB246F7257F /* Pods */ = {
			isa = PBXGroup;
			children = (
				DEA6C4618C36B625480E3416 /* Pods-RateMyTeam.debug.xcconfig */,
				3C0A1D9DF5CA9FA0431C9558 /* Pods-RateMyTeam.release.xcconfig */,
				574419E5FC7C7EEDDF13720F /* Pods-RateMyTeam-RateMyTeamTests.debug.xcconfig */,
				7C4DC4969BABF6B33CE4DF9F /* Pods-RateMyTeam-RateMyTeamTests.release.xcconfig */,
				49558A883518E976E44F6ED9 /* Pods-RateMyTeam-RateMyTeamUITests.debug.xcconfig */,
				E6B1E83013593919E49F88D1 /* Pods-RateMyTeam-RateMyTeamUITests.release.xcconfig */,
			);
			path = Pods;
			sourceTree = "<group>";
		};
		B96184D3EA60ED4C7CF64332 /* Frameworks */ = {
			isa = PBXGroup;
			children = (
				C61F7F9602D196B19901E7A1 /* Pods_RateMyTeam.framework */,
				D67F6068DBF790B363377FAD /* Pods_RateMyTeam_RateMyTeamTests.framework */,
				5DF4A06F5A24B63B7E0096CE /* Pods_RateMyTeam_RateMyTeamUITests.framework */,
			);
			name = Frameworks;
			sourceTree = "<group>";
		};
		F82EBEAD23A23B55000636CA /* Screens */ = {
			isa = PBXGroup;
			children = (
				F8EBC5D323A7862000C9EFB6 /* Login */,
				F82EBEB123A23BD1000636CA /* Rate */,
				F82EBEAE23A23B5D000636CA /* Contracts */,
			);
			path = Screens;
			sourceTree = "<group>";
		};
		F82EBEAE23A23B5D000636CA /* Contracts */ = {
			isa = PBXGroup;
			children = (
				F819B5AA239A8BA4009CC6F9 /* ContractsView.swift */,
				F88C2D01239ABB81001AB6E5 /* ContractsViewModel.swift */,
				F82EBEAB23A2348E000636CA /* ContractsRow.swift */,
			);
			path = Contracts;
			sourceTree = "<group>";
		};
		F82EBEAF23A23BBA000636CA /* ViewModel */ = {
			isa = PBXGroup;
			children = (
				F819B5AC239A93CD009CC6F9 /* AnyViewModel.swift */,
			);
			path = ViewModel;
			sourceTree = "<group>";
		};
		F82EBEB023A23BC2000636CA /* Repository */ = {
			isa = PBXGroup;
			children = (
				F8FBD2AE239E4E65004C6ED9 /* RateRepository.swift */,
				F842654F239AAC710034BAC2 /* AnyRepository.swift */,
			);
			path = Repository;
			sourceTree = "<group>";
		};
		F82EBEB123A23BD1000636CA /* Rate */ = {
			isa = PBXGroup;
			children = (
				F822CF65239501FE0059AF55 /* RateView.swift */,
				F8426551239AAF880034BAC2 /* RateViewModel.swift */,
				F8317DB623A3CDD1000A9CFC /* VoteView.swift */,
				F83B0DAE23A6CBFE00AB1016 /* VoteViewModel.swift */,
				F8317DB223A38B8C000A9CFC /* RateRow.swift */,
				F82EBEC023A23E5C000636CA /* InfoView.swift */,
			);
			path = Rate;
			sourceTree = "<group>";
		};
		F82EBEB223A23BED000636CA /* Theme */ = {
			isa = PBXGroup;
			children = (
				F8FBD2B4239E8325004C6ED9 /* Theme.swift */,
				F8317DB423A39147000A9CFC /* Font+Theme.swift */,
				F83B0DB023A76B6F00AB1016 /* Button+Theme.swift */,
				F8FBD2BE239E9D38004C6ED9 /* Color+Theme.swift */,
			);
			path = Theme;
			sourceTree = "<group>";
		};
		F82EBEB323A23C64000636CA /* Model */ = {
			isa = PBXGroup;
			children = (
				F82EBEB423A23C6C000636CA /* RateContractStorage.swift */,
				F82EBEB923A23CBC000636CA /* Candidate.swift */,
			);
			path = Model;
			sourceTree = "<group>";
		};
		F82EBEB623A23C81000636CA /* Extensions */ = {
			isa = PBXGroup;
			children = (
				F82EBEB723A23C8A000636CA /* Publisher+Extra.swift */,
				F8317DB023A25561000A9CFC /* RateContract+Extra.swift */,
			);
			path = Extensions;
			sourceTree = "<group>";
		};
		F82EBEC323A2415C000636CA /* Model */ = {
			isa = PBXGroup;
			children = (
				F82EBEC423A2416B000636CA /* RateContract+Preview.swift */,
				F8317DB823A3CE2A000A9CFC /* Candidate+Preview.swift */,
			);
			path = Model;
			sourceTree = "<group>";
		};
		F88C6750238ED1F200912435 = {
			isa = PBXGroup;
			children = (
				F88C675B238ED1F300912435 /* RateMyTeam */,
				F88C6772238ED1F800912435 /* RateMyTeamTests */,
				F88C677D238ED1F800912435 /* RateMyTeamUITests */,
				F88C675A238ED1F300912435 /* Products */,
				4798EECD04F1AEB246F7257F /* Pods */,
				B96184D3EA60ED4C7CF64332 /* Frameworks */,
			);
			sourceTree = "<group>";
		};
		F88C675A238ED1F300912435 /* Products */ = {
			isa = PBXGroup;
			children = (
				F88C6759238ED1F300912435 /* RateMyTeam.app */,
				F88C676F238ED1F800912435 /* RateMyTeamTests.xctest */,
				F88C677A238ED1F800912435 /* RateMyTeamUITests.xctest */,
			);
			name = Products;
			sourceTree = "<group>";
		};
		F88C675B238ED1F300912435 /* RateMyTeam */ = {
			isa = PBXGroup;
			children = (
				F88C678C238ED25C00912435 /* Generated */,
				F88C675C238ED1F300912435 /* AppDelegate.swift */,
				F822CF67239507470059AF55 /* AppDependency.swift */,
				F88C675E238ED1F300912435 /* SceneDelegate.swift */,
				F82EBEA923A23475000636CA /* NavigationConfigurator.swift */,
				F8EBC5D823A7A06D00C9EFB6 /* Views */,
				F82EBEB623A23C81000636CA /* Extensions */,
				F82EBEB323A23C64000636CA /* Model */,
				F82EBEAD23A23B55000636CA /* Screens */,
				F82EBEB223A23BED000636CA /* Theme */,
				F82EBEB023A23BC2000636CA /* Repository */,
				F82EBEAF23A23BBA000636CA /* ViewModel */,
				F88C6767238ED1F700912435 /* LaunchScreen.storyboard */,
				F88C676A238ED1F700912435 /* Info.plist */,
				F8FBD2B6239E83BC004C6ED9 /* Resources */,
				F88C6764238ED1F700912435 /* Preview Content */,
			);
			path = RateMyTeam;
			sourceTree = "<group>";
		};
		F88C6764238ED1F700912435 /* Preview Content */ = {
			isa = PBXGroup;
			children = (
				F82EBEC323A2415C000636CA /* Model */,
				F88C6765238ED1F700912435 /* Preview Assets.xcassets */,
			);
			path = "Preview Content";
			sourceTree = "<group>";
		};
		F88C6772238ED1F800912435 /* RateMyTeamTests */ = {
			isa = PBXGroup;
			children = (
				F88C6773238ED1F800912435 /* RateMyTeamTests.swift */,
				F88C6775238ED1F800912435 /* Info.plist */,
			);
			path = RateMyTeamTests;
			sourceTree = "<group>";
		};
		F88C677D238ED1F800912435 /* RateMyTeamUITests */ = {
			isa = PBXGroup;
			children = (
				F88C677E238ED1F800912435 /* RateMyTeamUITests.swift */,
				F88C6780238ED1F800912435 /* Info.plist */,
			);
			path = RateMyTeamUITests;
			sourceTree = "<group>";
		};
		F88C678C238ED25C00912435 /* Generated */ = {
			isa = PBXGroup;
			children = (
				F8FBD2BC239E942B004C6ED9 /* Assets.swift */,
				67F8B7B87AD38F3FBC3D1074 /* RateContract.swift */,
				652687C0143EDA923386C303 /* SharedContract.swift */,
			);
			path = Generated;
			sourceTree = "<group>";
		};
		F8EBC5D323A7862000C9EFB6 /* Login */ = {
			isa = PBXGroup;
			children = (
				F8EBC5D423A7862C00C9EFB6 /* LoginView.swift */,
				F8EBC5D623A79FDC00C9EFB6 /* LoginViewModel.swift */,
			);
			path = Login;
			sourceTree = "<group>";
		};
		F8EBC5D823A7A06D00C9EFB6 /* Views */ = {
			isa = PBXGroup;
			children = (
				F8EBC5D923A7A08900C9EFB6 /* InputView */,
			);
			path = Views;
			sourceTree = "<group>";
		};
		F8EBC5D923A7A08900C9EFB6 /* InputView */ = {
			isa = PBXGroup;
			children = (
				F8EBC5DA23A7A09500C9EFB6 /* InputView.swift */,
				F8EBC5DC23A7A0B900C9EFB6 /* InputViewModel.swift */,
			);
			path = InputView;
			sourceTree = "<group>";
		};
		F8FBD2B6239E83BC004C6ED9 /* Resources */ = {
			isa = PBXGroup;
			children = (
				F88C6762238ED1F700912435 /* Images.xcassets */,
				F8FBD2B7239E83C7004C6ED9 /* Fonts */,
			);
			path = Resources;
			sourceTree = "<group>";
		};
		F8FBD2B7239E83C7004C6ED9 /* Fonts */ = {
			isa = PBXGroup;
			children = (
				F8FBD2B8239E83D5004C6ED9 /* Roboto-Bold.ttf */,
				F8FBD2B9239E83D5004C6ED9 /* Roboto-Medium.ttf */,
				F8FBD2BA239E83D5004C6ED9 /* Roboto-Regular.ttf */,
			);
			path = Fonts;
			sourceTree = "<group>";
		};
/* End PBXGroup section */

/* Begin PBXNativeTarget section */
		F88C6758238ED1F300912435 /* RateMyTeam */ = {
			isa = PBXNativeTarget;
			buildConfigurationList = F88C6783238ED1F800912435 /* Build configuration list for PBXNativeTarget "RateMyTeam" */;
			buildPhases = (
				D4622A26FF057F35D1B148AD /* [CP] Check Pods Manifest.lock */,
				F8FBD2BB239E8ADE004C6ED9 /* Swiftgen */,
				F88C6755238ED1F300912435 /* Sources */,
				F88C6756238ED1F300912435 /* Frameworks */,
				F88C6757238ED1F300912435 /* Resources */,
				599EA930D8A1864E04664518 /* [CP] Embed Pods Frameworks */,
			);
			buildRules = (
			);
			dependencies = (
			);
			name = RateMyTeam;
			productName = RateMyTeam;
			productReference = F88C6759238ED1F300912435 /* RateMyTeam.app */;
			productType = "com.apple.product-type.application";
		};
		F88C676E238ED1F800912435 /* RateMyTeamTests */ = {
			isa = PBXNativeTarget;
			buildConfigurationList = F88C6786238ED1F800912435 /* Build configuration list for PBXNativeTarget "RateMyTeamTests" */;
			buildPhases = (
				DA4F545555FD7E5336BF2C51 /* [CP] Check Pods Manifest.lock */,
				F88C676B238ED1F800912435 /* Sources */,
				F88C676C238ED1F800912435 /* Frameworks */,
				F88C676D238ED1F800912435 /* Resources */,
				A074EEB4D1107F70A4967F98 /* [CP] Embed Pods Frameworks */,
			);
			buildRules = (
			);
			dependencies = (
				F88C6771238ED1F800912435 /* PBXTargetDependency */,
			);
			name = RateMyTeamTests;
			productName = RateMyTeamTests;
			productReference = F88C676F238ED1F800912435 /* RateMyTeamTests.xctest */;
			productType = "com.apple.product-type.bundle.unit-test";
		};
		F88C6779238ED1F800912435 /* RateMyTeamUITests */ = {
			isa = PBXNativeTarget;
			buildConfigurationList = F88C6789238ED1F800912435 /* Build configuration list for PBXNativeTarget "RateMyTeamUITests" */;
			buildPhases = (
				8DDFCFBAF480539D6702F413 /* [CP] Check Pods Manifest.lock */,
				F88C6776238ED1F800912435 /* Sources */,
				F88C6777238ED1F800912435 /* Frameworks */,
				F88C6778238ED1F800912435 /* Resources */,
				FCBF0F6F574A8C8768AC2697 /* [CP] Embed Pods Frameworks */,
			);
			buildRules = (
			);
			dependencies = (
				F88C677C238ED1F800912435 /* PBXTargetDependency */,
			);
			name = RateMyTeamUITests;
			productName = RateMyTeamUITests;
			productReference = F88C677A238ED1F800912435 /* RateMyTeamUITests.xctest */;
			productType = "com.apple.product-type.bundle.ui-testing";
		};
/* End PBXNativeTarget section */

/* Begin PBXProject section */
		F88C6751238ED1F300912435 /* Project object */ = {
			isa = PBXProject;
			attributes = {
				LastSwiftUpdateCheck = 1100;
				LastUpgradeCheck = 1100;
				ORGANIZATIONNAME = "Marek Fořt";
				TargetAttributes = {
					F88C6758238ED1F300912435 = {
						CreatedOnToolsVersion = 11.0;
					};
					F88C676E238ED1F800912435 = {
						CreatedOnToolsVersion = 11.0;
						TestTargetID = F88C6758238ED1F300912435;
					};
					F88C6779238ED1F800912435 = {
						CreatedOnToolsVersion = 11.0;
						TestTargetID = F88C6758238ED1F300912435;
					};
				};
			};
			buildConfigurationList = F88C6754238ED1F300912435 /* Build configuration list for PBXProject "RateMyTeam" */;
			compatibilityVersion = "Xcode 9.3";
			developmentRegion = en;
			hasScannedForEncodings = 0;
			knownRegions = (
				en,
				Base,
			);
			mainGroup = F88C6750238ED1F200912435;
			productRefGroup = F88C675A238ED1F300912435 /* Products */;
			projectDirPath = "";
			projectRoot = "";
			targets = (
				F88C6758238ED1F300912435 /* RateMyTeam */,
				F88C676E238ED1F800912435 /* RateMyTeamTests */,
				F88C6779238ED1F800912435 /* RateMyTeamUITests */,
			);
		};
/* End PBXProject section */

/* Begin PBXResourcesBuildPhase section */
		F88C6757238ED1F300912435 /* Resources */ = {
			isa = PBXResourcesBuildPhase;
			buildActionMask = 2147483647;
			files = (
				F88C6769238ED1F700912435 /* LaunchScreen.storyboard in Resources */,
				F88C6766238ED1F700912435 /* Preview Assets.xcassets in Resources */,
				F88C6763238ED1F700912435 /* Images.xcassets in Resources */,
			);
			runOnlyForDeploymentPostprocessing = 0;
		};
		F88C676D238ED1F800912435 /* Resources */ = {
			isa = PBXResourcesBuildPhase;
			buildActionMask = 2147483647;
			files = (
			);
			runOnlyForDeploymentPostprocessing = 0;
		};
		F88C6778238ED1F800912435 /* Resources */ = {
			isa = PBXResourcesBuildPhase;
			buildActionMask = 2147483647;
			files = (
			);
			runOnlyForDeploymentPostprocessing = 0;
		};
/* End PBXResourcesBuildPhase section */

/* Begin PBXShellScriptBuildPhase section */
		599EA930D8A1864E04664518 /* [CP] Embed Pods Frameworks */ = {
			isa = PBXShellScriptBuildPhase;
			buildActionMask = 2147483647;
			files = (
			);
			inputFileListPaths = (
				"${PODS_ROOT}/Target Support Files/Pods-RateMyTeam/Pods-RateMyTeam-frameworks-${CONFIGURATION}-input-files.xcfilelist",
			);
			inputPaths = (
			);
			name = "[CP] Embed Pods Frameworks";
			outputFileListPaths = (
				"${PODS_ROOT}/Target Support Files/Pods-RateMyTeam/Pods-RateMyTeam-frameworks-${CONFIGURATION}-output-files.xcfilelist",
			);
			outputPaths = (
			);
			runOnlyForDeploymentPostprocessing = 0;
			shellPath = /bin/sh;
			shellScript = "\"${PODS_ROOT}/Target Support Files/Pods-RateMyTeam/Pods-RateMyTeam-frameworks.sh\"\n";
			showEnvVarsInLog = 0;
		};
		8DDFCFBAF480539D6702F413 /* [CP] Check Pods Manifest.lock */ = {
			isa = PBXShellScriptBuildPhase;
			buildActionMask = 2147483647;
			files = (
			);
			inputFileListPaths = (
			);
			inputPaths = (
				"${PODS_PODFILE_DIR_PATH}/Podfile.lock",
				"${PODS_ROOT}/Manifest.lock",
			);
			name = "[CP] Check Pods Manifest.lock";
			outputFileListPaths = (
			);
			outputPaths = (
				"$(DERIVED_FILE_DIR)/Pods-RateMyTeam-RateMyTeamUITests-checkManifestLockResult.txt",
			);
			runOnlyForDeploymentPostprocessing = 0;
			shellPath = /bin/sh;
			shellScript = "diff \"${PODS_PODFILE_DIR_PATH}/Podfile.lock\" \"${PODS_ROOT}/Manifest.lock\" > /dev/null\nif [ $? != 0 ] ; then\n    # print error to STDERR\n    echo \"error: The sandbox is not in sync with the Podfile.lock. Run 'pod install' or update your CocoaPods installation.\" >&2\n    exit 1\nfi\n# This output is used by Xcode 'outputs' to avoid re-running this script phase.\necho \"SUCCESS\" > \"${SCRIPT_OUTPUT_FILE_0}\"\n";
			showEnvVarsInLog = 0;
		};
		A074EEB4D1107F70A4967F98 /* [CP] Embed Pods Frameworks */ = {
			isa = PBXShellScriptBuildPhase;
			buildActionMask = 2147483647;
			files = (
			);
			inputFileListPaths = (
				"${PODS_ROOT}/Target Support Files/Pods-RateMyTeam-RateMyTeamTests/Pods-RateMyTeam-RateMyTeamTests-frameworks-${CONFIGURATION}-input-files.xcfilelist",
			);
			inputPaths = (
			);
			name = "[CP] Embed Pods Frameworks";
			outputFileListPaths = (
				"${PODS_ROOT}/Target Support Files/Pods-RateMyTeam-RateMyTeamTests/Pods-RateMyTeam-RateMyTeamTests-frameworks-${CONFIGURATION}-output-files.xcfilelist",
			);
			outputPaths = (
			);
			runOnlyForDeploymentPostprocessing = 0;
			shellPath = /bin/sh;
			shellScript = "\"${PODS_ROOT}/Target Support Files/Pods-RateMyTeam-RateMyTeamTests/Pods-RateMyTeam-RateMyTeamTests-frameworks.sh\"\n";
			showEnvVarsInLog = 0;
		};
		D4622A26FF057F35D1B148AD /* [CP] Check Pods Manifest.lock */ = {
			isa = PBXShellScriptBuildPhase;
			buildActionMask = 2147483647;
			files = (
			);
			inputFileListPaths = (
			);
			inputPaths = (
				"${PODS_PODFILE_DIR_PATH}/Podfile.lock",
				"${PODS_ROOT}/Manifest.lock",
			);
			name = "[CP] Check Pods Manifest.lock";
			outputFileListPaths = (
			);
			outputPaths = (
				"$(DERIVED_FILE_DIR)/Pods-RateMyTeam-checkManifestLockResult.txt",
			);
			runOnlyForDeploymentPostprocessing = 0;
			shellPath = /bin/sh;
			shellScript = "diff \"${PODS_PODFILE_DIR_PATH}/Podfile.lock\" \"${PODS_ROOT}/Manifest.lock\" > /dev/null\nif [ $? != 0 ] ; then\n    # print error to STDERR\n    echo \"error: The sandbox is not in sync with the Podfile.lock. Run 'pod install' or update your CocoaPods installation.\" >&2\n    exit 1\nfi\n# This output is used by Xcode 'outputs' to avoid re-running this script phase.\necho \"SUCCESS\" > \"${SCRIPT_OUTPUT_FILE_0}\"\n";
			showEnvVarsInLog = 0;
		};
		DA4F545555FD7E5336BF2C51 /* [CP] Check Pods Manifest.lock */ = {
			isa = PBXShellScriptBuildPhase;
			buildActionMask = 2147483647;
			files = (
			);
			inputFileListPaths = (
			);
			inputPaths = (
				"${PODS_PODFILE_DIR_PATH}/Podfile.lock",
				"${PODS_ROOT}/Manifest.lock",
			);
			name = "[CP] Check Pods Manifest.lock";
			outputFileListPaths = (
			);
			outputPaths = (
				"$(DERIVED_FILE_DIR)/Pods-RateMyTeam-RateMyTeamTests-checkManifestLockResult.txt",
			);
			runOnlyForDeploymentPostprocessing = 0;
			shellPath = /bin/sh;
			shellScript = "diff \"${PODS_PODFILE_DIR_PATH}/Podfile.lock\" \"${PODS_ROOT}/Manifest.lock\" > /dev/null\nif [ $? != 0 ] ; then\n    # print error to STDERR\n    echo \"error: The sandbox is not in sync with the Podfile.lock. Run 'pod install' or update your CocoaPods installation.\" >&2\n    exit 1\nfi\n# This output is used by Xcode 'outputs' to avoid re-running this script phase.\necho \"SUCCESS\" > \"${SCRIPT_OUTPUT_FILE_0}\"\n";
			showEnvVarsInLog = 0;
		};
		F8FBD2BB239E8ADE004C6ED9 /* Swiftgen */ = {
			isa = PBXShellScriptBuildPhase;
			buildActionMask = 8;
			files = (
			);
			inputFileListPaths = (
			);
			inputPaths = (
				"${PROJECT_DIR}/${TARGET_NAME}/Resources/Images.xcassets",
			);
			name = Swiftgen;
			outputFileListPaths = (
			);
			outputPaths = (
				"${PROJECT_DIR}/${TARGET_NAME}/Generated/Assets.swift",
			);
			runOnlyForDeploymentPostprocessing = 1;
			shellPath = /bin/sh;
			shellScript = "export PATH=\"${PODS_ROOT}/SwiftGen/bin:$PATH\"\n\nIMG_SRC_FILE=\"${SCRIPT_INPUT_FILE_0}\"\n\ntouch \"$IMG_SRC_FILE\"\n\nswiftgen xcassets -t swift4 \"$IMG_SRC_FILE\" -o \"${SCRIPT_OUTPUT_FILE_0}\"\necho $?\n";
		};
		FCBF0F6F574A8C8768AC2697 /* [CP] Embed Pods Frameworks */ = {
			isa = PBXShellScriptBuildPhase;
			buildActionMask = 2147483647;
			files = (
			);
			inputFileListPaths = (
				"${PODS_ROOT}/Target Support Files/Pods-RateMyTeam-RateMyTeamUITests/Pods-RateMyTeam-RateMyTeamUITests-frameworks-${CONFIGURATION}-input-files.xcfilelist",
			);
			inputPaths = (
			);
			name = "[CP] Embed Pods Frameworks";
			outputFileListPaths = (
				"${PODS_ROOT}/Target Support Files/Pods-RateMyTeam-RateMyTeamUITests/Pods-RateMyTeam-RateMyTeamUITests-frameworks-${CONFIGURATION}-output-files.xcfilelist",
			);
			outputPaths = (
			);
			runOnlyForDeploymentPostprocessing = 0;
			shellPath = /bin/sh;
			shellScript = "\"${PODS_ROOT}/Target Support Files/Pods-RateMyTeam-RateMyTeamUITests/Pods-RateMyTeam-RateMyTeamUITests-frameworks.sh\"\n";
			showEnvVarsInLog = 0;
		};
/* End PBXShellScriptBuildPhase section */

/* Begin PBXSourcesBuildPhase section */
		F88C6755238ED1F300912435 /* Sources */ = {
			isa = PBXSourcesBuildPhase;
			buildActionMask = 2147483647;
			files = (
				F83B0DAF23A6CBFE00AB1016 /* VoteViewModel.swift in Sources */,
				F82EBEBD23A23D29000636CA /* SharedContract.swift in Sources */,
				F88C675D238ED1F300912435 /* AppDelegate.swift in Sources */,
				F82EBEB523A23C6C000636CA /* RateContractStorage.swift in Sources */,
				F8FBD2AF239E4E65004C6ED9 /* RateRepository.swift in Sources */,
				F8317DB323A38B8C000A9CFC /* RateRow.swift in Sources */,
				F82EBEBA23A23CBC000636CA /* Candidate.swift in Sources */,
				F8317DB523A39147000A9CFC /* Font+Theme.swift in Sources */,
				F8317DB923A3CE2A000A9CFC /* Candidate+Preview.swift in Sources */,
				F822CF66239501FE0059AF55 /* RateView.swift in Sources */,
				F8426550239AAC710034BAC2 /* AnyRepository.swift in Sources */,
				F82EBEC523A2416B000636CA /* RateContract+Preview.swift in Sources */,
				F819B5AD239A93CD009CC6F9 /* AnyViewModel.swift in Sources */,
				F88C2D02239ABB81001AB6E5 /* ContractsViewModel.swift in Sources */,
				F8317DB723A3CDD1000A9CFC /* VoteView.swift in Sources */,
				F8317DB123A25561000A9CFC /* RateContract+Extra.swift in Sources */,
				F819B5AB239A8BA4009CC6F9 /* ContractsView.swift in Sources */,
				F8EBC5D723A79FDC00C9EFB6 /* LoginViewModel.swift in Sources */,
				F88C675F238ED1F300912435 /* SceneDelegate.swift in Sources */,
				F8EBC5D523A7862C00C9EFB6 /* LoginView.swift in Sources */,
				F8FBD2BD239E942B004C6ED9 /* Assets.swift in Sources */,
				F8EBC5DD23A7A0B900C9EFB6 /* InputViewModel.swift in Sources */,
				F8EBC5DB23A7A09500C9EFB6 /* InputView.swift in Sources */,
				F8FBD2BF239E9D38004C6ED9 /* Color+Theme.swift in Sources */,
				F82EBEC123A23E5C000636CA /* InfoView.swift in Sources */,
				F82EBEAC23A2348E000636CA /* ContractsRow.swift in Sources */,
				F8426552239AAF880034BAC2 /* RateViewModel.swift in Sources */,
				F83B0DB123A76B6F00AB1016 /* Button+Theme.swift in Sources */,
				F822CF68239507480059AF55 /* AppDependency.swift in Sources */,
				F82EBEAA23A23475000636CA /* NavigationConfigurator.swift in Sources */,
				F8FBD2B5239E8325004C6ED9 /* Theme.swift in Sources */,
				F82EBEBC23A23D29000636CA /* RateContract.swift in Sources */,
				F82EBEB823A23C8A000636CA /* Publisher+Extra.swift in Sources */,
			);
			runOnlyForDeploymentPostprocessing = 0;
		};
		F88C676B238ED1F800912435 /* Sources */ = {
			isa = PBXSourcesBuildPhase;
			buildActionMask = 2147483647;
			files = (
				F88C6774238ED1F800912435 /* RateMyTeamTests.swift in Sources */,
			);
			runOnlyForDeploymentPostprocessing = 0;
		};
		F88C6776238ED1F800912435 /* Sources */ = {
			isa = PBXSourcesBuildPhase;
			buildActionMask = 2147483647;
			files = (
				F88C677F238ED1F800912435 /* RateMyTeamUITests.swift in Sources */,
			);
			runOnlyForDeploymentPostprocessing = 0;
		};
/* End PBXSourcesBuildPhase section */

/* Begin PBXTargetDependency section */
		F88C6771238ED1F800912435 /* PBXTargetDependency */ = {
			isa = PBXTargetDependency;
			target = F88C6758238ED1F300912435 /* RateMyTeam */;
			targetProxy = F88C6770238ED1F800912435 /* PBXContainerItemProxy */;
		};
		F88C677C238ED1F800912435 /* PBXTargetDependency */ = {
			isa = PBXTargetDependency;
			target = F88C6758238ED1F300912435 /* RateMyTeam */;
			targetProxy = F88C677B238ED1F800912435 /* PBXContainerItemProxy */;
		};
/* End PBXTargetDependency section */

/* Begin PBXVariantGroup section */
		F88C6767238ED1F700912435 /* LaunchScreen.storyboard */ = {
			isa = PBXVariantGroup;
			children = (
				F88C6768238ED1F700912435 /* Base */,
			);
			name = LaunchScreen.storyboard;
			sourceTree = "<group>";
		};
/* End PBXVariantGroup section */

/* Begin XCBuildConfiguration section */
		F88C6781238ED1F800912435 /* Debug */ = {
			isa = XCBuildConfiguration;
			buildSettings = {
				ALWAYS_SEARCH_USER_PATHS = NO;
				CLANG_ANALYZER_NONNULL = YES;
				CLANG_ANALYZER_NUMBER_OBJECT_CONVERSION = YES_AGGRESSIVE;
				CLANG_CXX_LANGUAGE_STANDARD = "gnu++14";
				CLANG_CXX_LIBRARY = "libc++";
				CLANG_ENABLE_MODULES = YES;
				CLANG_ENABLE_OBJC_ARC = YES;
				CLANG_ENABLE_OBJC_WEAK = YES;
				CLANG_WARN_BLOCK_CAPTURE_AUTORELEASING = YES;
				CLANG_WARN_BOOL_CONVERSION = YES;
				CLANG_WARN_COMMA = YES;
				CLANG_WARN_CONSTANT_CONVERSION = YES;
				CLANG_WARN_DEPRECATED_OBJC_IMPLEMENTATIONS = YES;
				CLANG_WARN_DIRECT_OBJC_ISA_USAGE = YES_ERROR;
				CLANG_WARN_DOCUMENTATION_COMMENTS = YES;
				CLANG_WARN_EMPTY_BODY = YES;
				CLANG_WARN_ENUM_CONVERSION = YES;
				CLANG_WARN_INFINITE_RECURSION = YES;
				CLANG_WARN_INT_CONVERSION = YES;
				CLANG_WARN_NON_LITERAL_NULL_CONVERSION = YES;
				CLANG_WARN_OBJC_IMPLICIT_RETAIN_SELF = YES;
				CLANG_WARN_OBJC_LITERAL_CONVERSION = YES;
				CLANG_WARN_OBJC_ROOT_CLASS = YES_ERROR;
				CLANG_WARN_RANGE_LOOP_ANALYSIS = YES;
				CLANG_WARN_STRICT_PROTOTYPES = YES;
				CLANG_WARN_SUSPICIOUS_MOVE = YES;
				CLANG_WARN_UNGUARDED_AVAILABILITY = YES_AGGRESSIVE;
				CLANG_WARN_UNREACHABLE_CODE = YES;
				CLANG_WARN__DUPLICATE_METHOD_MATCH = YES;
				COPY_PHASE_STRIP = NO;
				DEBUG_INFORMATION_FORMAT = dwarf;
				ENABLE_STRICT_OBJC_MSGSEND = YES;
				ENABLE_TESTABILITY = YES;
				GCC_C_LANGUAGE_STANDARD = gnu11;
				GCC_DYNAMIC_NO_PIC = NO;
				GCC_NO_COMMON_BLOCKS = YES;
				GCC_OPTIMIZATION_LEVEL = 0;
				GCC_PREPROCESSOR_DEFINITIONS = (
					"DEBUG=1",
					"$(inherited)",
				);
				GCC_WARN_64_TO_32_BIT_CONVERSION = YES;
				GCC_WARN_ABOUT_RETURN_TYPE = YES_ERROR;
				GCC_WARN_UNDECLARED_SELECTOR = YES;
				GCC_WARN_UNINITIALIZED_AUTOS = YES_AGGRESSIVE;
				GCC_WARN_UNUSED_FUNCTION = YES;
				GCC_WARN_UNUSED_VARIABLE = YES;
				IPHONEOS_DEPLOYMENT_TARGET = 13.0;
				MTL_ENABLE_DEBUG_INFO = INCLUDE_SOURCE;
				MTL_FAST_MATH = YES;
				ONLY_ACTIVE_ARCH = YES;
				SDKROOT = iphoneos;
				SWIFT_ACTIVE_COMPILATION_CONDITIONS = DEBUG;
				SWIFT_OPTIMIZATION_LEVEL = "-Onone";
			};
			name = Debug;
		};
		F88C6782238ED1F800912435 /* Release */ = {
			isa = XCBuildConfiguration;
			buildSettings = {
				ALWAYS_SEARCH_USER_PATHS = NO;
				CLANG_ANALYZER_NONNULL = YES;
				CLANG_ANALYZER_NUMBER_OBJECT_CONVERSION = YES_AGGRESSIVE;
				CLANG_CXX_LANGUAGE_STANDARD = "gnu++14";
				CLANG_CXX_LIBRARY = "libc++";
				CLANG_ENABLE_MODULES = YES;
				CLANG_ENABLE_OBJC_ARC = YES;
				CLANG_ENABLE_OBJC_WEAK = YES;
				CLANG_WARN_BLOCK_CAPTURE_AUTORELEASING = YES;
				CLANG_WARN_BOOL_CONVERSION = YES;
				CLANG_WARN_COMMA = YES;
				CLANG_WARN_CONSTANT_CONVERSION = YES;
				CLANG_WARN_DEPRECATED_OBJC_IMPLEMENTATIONS = YES;
				CLANG_WARN_DIRECT_OBJC_ISA_USAGE = YES_ERROR;
				CLANG_WARN_DOCUMENTATION_COMMENTS = YES;
				CLANG_WARN_EMPTY_BODY = YES;
				CLANG_WARN_ENUM_CONVERSION = YES;
				CLANG_WARN_INFINITE_RECURSION = YES;
				CLANG_WARN_INT_CONVERSION = YES;
				CLANG_WARN_NON_LITERAL_NULL_CONVERSION = YES;
				CLANG_WARN_OBJC_IMPLICIT_RETAIN_SELF = YES;
				CLANG_WARN_OBJC_LITERAL_CONVERSION = YES;
				CLANG_WARN_OBJC_ROOT_CLASS = YES_ERROR;
				CLANG_WARN_RANGE_LOOP_ANALYSIS = YES;
				CLANG_WARN_STRICT_PROTOTYPES = YES;
				CLANG_WARN_SUSPICIOUS_MOVE = YES;
				CLANG_WARN_UNGUARDED_AVAILABILITY = YES_AGGRESSIVE;
				CLANG_WARN_UNREACHABLE_CODE = YES;
				CLANG_WARN__DUPLICATE_METHOD_MATCH = YES;
				COPY_PHASE_STRIP = NO;
				DEBUG_INFORMATION_FORMAT = "dwarf-with-dsym";
				ENABLE_NS_ASSERTIONS = NO;
				ENABLE_STRICT_OBJC_MSGSEND = YES;
				GCC_C_LANGUAGE_STANDARD = gnu11;
				GCC_NO_COMMON_BLOCKS = YES;
				GCC_WARN_64_TO_32_BIT_CONVERSION = YES;
				GCC_WARN_ABOUT_RETURN_TYPE = YES_ERROR;
				GCC_WARN_UNDECLARED_SELECTOR = YES;
				GCC_WARN_UNINITIALIZED_AUTOS = YES_AGGRESSIVE;
				GCC_WARN_UNUSED_FUNCTION = YES;
				GCC_WARN_UNUSED_VARIABLE = YES;
				IPHONEOS_DEPLOYMENT_TARGET = 13.0;
				MTL_ENABLE_DEBUG_INFO = NO;
				MTL_FAST_MATH = YES;
				SDKROOT = iphoneos;
				SWIFT_COMPILATION_MODE = wholemodule;
				SWIFT_OPTIMIZATION_LEVEL = "-O";
				VALIDATE_PRODUCT = YES;
			};
			name = Release;
		};
		F88C6784238ED1F800912435 /* Debug */ = {
			isa = XCBuildConfiguration;
			baseConfigurationReference = DEA6C4618C36B625480E3416 /* Pods-RateMyTeam.debug.xcconfig */;
			buildSettings = {
				ASSETCATALOG_COMPILER_APPICON_NAME = AppIcon;
				CODE_SIGN_STYLE = Automatic;
				DEVELOPMENT_ASSET_PATHS = "\"RateMyTeam/Preview Content\"";
				ENABLE_PREVIEWS = YES;
				INFOPLIST_FILE = RateMyTeam/Info.plist;
				IPHONEOS_DEPLOYMENT_TARGET = 13.0;
				LD_RUNPATH_SEARCH_PATHS = (
					"$(inherited)",
					"@executable_path/Frameworks",
				);
				PRODUCT_BUNDLE_IDENTIFIER = ackee.RateMyTeam;
				PRODUCT_NAME = "$(TARGET_NAME)";
				SWIFT_VERSION = 5.0;
				TARGETED_DEVICE_FAMILY = "1,2";
			};
			name = Debug;
		};
		F88C6785238ED1F800912435 /* Release */ = {
			isa = XCBuildConfiguration;
			baseConfigurationReference = 3C0A1D9DF5CA9FA0431C9558 /* Pods-RateMyTeam.release.xcconfig */;
			buildSettings = {
				ASSETCATALOG_COMPILER_APPICON_NAME = AppIcon;
				CODE_SIGN_STYLE = Automatic;
				DEVELOPMENT_ASSET_PATHS = "\"RateMyTeam/Preview Content\"";
				ENABLE_PREVIEWS = YES;
				INFOPLIST_FILE = RateMyTeam/Info.plist;
				IPHONEOS_DEPLOYMENT_TARGET = 13.0;
				LD_RUNPATH_SEARCH_PATHS = (
					"$(inherited)",
					"@executable_path/Frameworks",
				);
				PRODUCT_BUNDLE_IDENTIFIER = ackee.RateMyTeam;
				PRODUCT_NAME = "$(TARGET_NAME)";
				SWIFT_VERSION = 5.0;
				TARGETED_DEVICE_FAMILY = "1,2";
			};
			name = Release;
		};
		F88C6787238ED1F800912435 /* Debug */ = {
			isa = XCBuildConfiguration;
			baseConfigurationReference = 574419E5FC7C7EEDDF13720F /* Pods-RateMyTeam-RateMyTeamTests.debug.xcconfig */;
			buildSettings = {
				ALWAYS_EMBED_SWIFT_STANDARD_LIBRARIES = YES;
				BUNDLE_LOADER = "$(TEST_HOST)";
				CODE_SIGN_STYLE = Automatic;
				INFOPLIST_FILE = RateMyTeamTests/Info.plist;
				IPHONEOS_DEPLOYMENT_TARGET = 13.0;
				LD_RUNPATH_SEARCH_PATHS = (
					"$(inherited)",
					"@executable_path/Frameworks",
					"@loader_path/Frameworks",
				);
				PRODUCT_BUNDLE_IDENTIFIER = ackee.RateMyTeamTests;
				PRODUCT_NAME = "$(TARGET_NAME)";
				SWIFT_VERSION = 5.0;
				TARGETED_DEVICE_FAMILY = "1,2";
				TEST_HOST = "$(BUILT_PRODUCTS_DIR)/RateMyTeam.app/RateMyTeam";
			};
			name = Debug;
		};
		F88C6788238ED1F800912435 /* Release */ = {
			isa = XCBuildConfiguration;
			baseConfigurationReference = 7C4DC4969BABF6B33CE4DF9F /* Pods-RateMyTeam-RateMyTeamTests.release.xcconfig */;
			buildSettings = {
				ALWAYS_EMBED_SWIFT_STANDARD_LIBRARIES = YES;
				BUNDLE_LOADER = "$(TEST_HOST)";
				CODE_SIGN_STYLE = Automatic;
				INFOPLIST_FILE = RateMyTeamTests/Info.plist;
				IPHONEOS_DEPLOYMENT_TARGET = 13.0;
				LD_RUNPATH_SEARCH_PATHS = (
					"$(inherited)",
					"@executable_path/Frameworks",
					"@loader_path/Frameworks",
				);
				PRODUCT_BUNDLE_IDENTIFIER = ackee.RateMyTeamTests;
				PRODUCT_NAME = "$(TARGET_NAME)";
				SWIFT_VERSION = 5.0;
				TARGETED_DEVICE_FAMILY = "1,2";
				TEST_HOST = "$(BUILT_PRODUCTS_DIR)/RateMyTeam.app/RateMyTeam";
			};
			name = Release;
		};
		F88C678A238ED1F800912435 /* Debug */ = {
			isa = XCBuildConfiguration;
			baseConfigurationReference = 49558A883518E976E44F6ED9 /* Pods-RateMyTeam-RateMyTeamUITests.debug.xcconfig */;
			buildSettings = {
				ALWAYS_EMBED_SWIFT_STANDARD_LIBRARIES = YES;
				CODE_SIGN_STYLE = Automatic;
				INFOPLIST_FILE = RateMyTeamUITests/Info.plist;
				LD_RUNPATH_SEARCH_PATHS = (
					"$(inherited)",
					"@executable_path/Frameworks",
					"@loader_path/Frameworks",
				);
				PRODUCT_BUNDLE_IDENTIFIER = ackee.RateMyTeamUITests;
				PRODUCT_NAME = "$(TARGET_NAME)";
				SWIFT_VERSION = 5.0;
				TARGETED_DEVICE_FAMILY = "1,2";
				TEST_TARGET_NAME = RateMyTeam;
			};
			name = Debug;
		};
		F88C678B238ED1F800912435 /* Release */ = {
			isa = XCBuildConfiguration;
			baseConfigurationReference = E6B1E83013593919E49F88D1 /* Pods-RateMyTeam-RateMyTeamUITests.release.xcconfig */;
			buildSettings = {
				ALWAYS_EMBED_SWIFT_STANDARD_LIBRARIES = YES;
				CODE_SIGN_STYLE = Automatic;
				INFOPLIST_FILE = RateMyTeamUITests/Info.plist;
				LD_RUNPATH_SEARCH_PATHS = (
					"$(inherited)",
					"@executable_path/Frameworks",
					"@loader_path/Frameworks",
				);
				PRODUCT_BUNDLE_IDENTIFIER = ackee.RateMyTeamUITests;
				PRODUCT_NAME = "$(TARGET_NAME)";
				SWIFT_VERSION = 5.0;
				TARGETED_DEVICE_FAMILY = "1,2";
				TEST_TARGET_NAME = RateMyTeam;
			};
			name = Release;
		};
/* End XCBuildConfiguration section */

/* Begin XCConfigurationList section */
		F88C6754238ED1F300912435 /* Build configuration list for PBXProject "RateMyTeam" */ = {
			isa = XCConfigurationList;
			buildConfigurations = (
				F88C6781238ED1F800912435 /* Debug */,
				F88C6782238ED1F800912435 /* Release */,
			);
			defaultConfigurationIsVisible = 0;
			defaultConfigurationName = Release;
		};
		F88C6783238ED1F800912435 /* Build configuration list for PBXNativeTarget "RateMyTeam" */ = {
			isa = XCConfigurationList;
			buildConfigurations = (
				F88C6784238ED1F800912435 /* Debug */,
				F88C6785238ED1F800912435 /* Release */,
			);
			defaultConfigurationIsVisible = 0;
			defaultConfigurationName = Release;
		};
		F88C6786238ED1F800912435 /* Build configuration list for PBXNativeTarget "RateMyTeamTests" */ = {
			isa = XCConfigurationList;
			buildConfigurations = (
				F88C6787238ED1F800912435 /* Debug */,
				F88C6788238ED1F800912435 /* Release */,
			);
			defaultConfigurationIsVisible = 0;
			defaultConfigurationName = Release;
		};
		F88C6789238ED1F800912435 /* Build configuration list for PBXNativeTarget "RateMyTeamUITests" */ = {
			isa = XCConfigurationList;
			buildConfigurations = (
				F88C678A238ED1F800912435 /* Debug */,
				F88C678B238ED1F800912435 /* Release */,
			);
			defaultConfigurationIsVisible = 0;
			defaultConfigurationName = Release;
		};
/* End XCConfigurationList section */
	};
	rootObject = F88C6751238ED1F300912435 /* Project object */;
}
