// !$*UTF8*$!
{
	archiveVersion = 1;
	classes = {
	};
	objectVersion = 51;
	objects = {

/* Begin PBXBuildFile section */
		1BE4A0C365A7F7B48D081B66 /* SharedContract.swift in Sources */ = {isa = PBXBuildFile; fileRef = 652687C0143EDA923386C303 /* SharedContract.swift */; };
		21B9F021D8313F4B9F79B350 /* RateContract.swift in Sources */ = {isa = PBXBuildFile; fileRef = 67F8B7B87AD38F3FBC3D1074 /* RateContract.swift */; };
		4ABC765DA1DAC1E4CFD27951 /* SharedContract.swift in Sources */ = {isa = PBXBuildFile; fileRef = 652687C0143EDA923386C303 /* SharedContract.swift */; };
		5198881003B827D2FAF051A6 /* SharedContract.swift in Sources */ = {isa = PBXBuildFile; fileRef = 652687C0143EDA923386C303 /* SharedContract.swift */; };
		9AE195E94384C3EE046C5C57 /* RateContract.swift in Sources */ = {isa = PBXBuildFile; fileRef = 67F8B7B87AD38F3FBC3D1074 /* RateContract.swift */; };
		A9A097D54BD23C30BD760AAA /* RateContract.swift in Sources */ = {isa = PBXBuildFile; fileRef = 67F8B7B87AD38F3FBC3D1074 /* RateContract.swift */; };
		C8AAB5DB60D420204701E774 /* Pods_RateMyTeam.framework in Frameworks */ = {isa = PBXBuildFile; fileRef = C61F7F9602D196B19901E7A1 /* Pods_RateMyTeam.framework */; };
		F822CF642394FF450059AF55 /* Store.swift in Sources */ = {isa = PBXBuildFile; fileRef = F822CF632394FF450059AF55 /* Store.swift */; };
		F822CF66239501FE0059AF55 /* RateView.swift in Sources */ = {isa = PBXBuildFile; fileRef = F822CF65239501FE0059AF55 /* RateView.swift */; };
		F822CF68239507480059AF55 /* AppDependency.swift in Sources */ = {isa = PBXBuildFile; fileRef = F822CF67239507470059AF55 /* AppDependency.swift */; };
		F88C675D238ED1F300912435 /* AppDelegate.swift in Sources */ = {isa = PBXBuildFile; fileRef = F88C675C238ED1F300912435 /* AppDelegate.swift */; };
		F88C675F238ED1F300912435 /* SceneDelegate.swift in Sources */ = {isa = PBXBuildFile; fileRef = F88C675E238ED1F300912435 /* SceneDelegate.swift */; };
		F88C6763238ED1F700912435 /* Assets.xcassets in Resources */ = {isa = PBXBuildFile; fileRef = F88C6762238ED1F700912435 /* Assets.xcassets */; };
		F88C6766238ED1F700912435 /* Preview Assets.xcassets in Resources */ = {isa = PBXBuildFile; fileRef = F88C6765238ED1F700912435 /* Preview Assets.xcassets */; };
		F88C6769238ED1F700912435 /* LaunchScreen.storyboard in Resources */ = {isa = PBXBuildFile; fileRef = F88C6767238ED1F700912435 /* LaunchScreen.storyboard */; };
		F88C6774238ED1F800912435 /* RateMyTeamTests.swift in Sources */ = {isa = PBXBuildFile; fileRef = F88C6773238ED1F800912435 /* RateMyTeamTests.swift */; };
		F88C677F238ED1F800912435 /* RateMyTeamUITests.swift in Sources */ = {isa = PBXBuildFile; fileRef = F88C677E238ED1F800912435 /* RateMyTeamUITests.swift */; };
/* End PBXBuildFile section */

/* Begin PBXContainerItemProxy section */
		F88C6770238ED1F800912435 /* PBXContainerItemProxy */ = {
			isa = PBXContainerItemProxy;
			containerPortal = F88C6751238ED1F300912435 /* Project object */;
			proxyType = 1;
			remoteGlobalIDString = F88C6758238ED1F300912435;
			remoteInfo = RateMyTeam;
		};
		F88C677B238ED1F800912435 /* PBXContainerItemProxy */ = {
			isa = PBXContainerItemProxy;
			containerPortal = F88C6751238ED1F300912435 /* Project object */;
			proxyType = 1;
			remoteGlobalIDString = F88C6758238ED1F300912435;
			remoteInfo = RateMyTeam;
		};
/* End PBXContainerItemProxy section */

/* Begin PBXFileReference section */
		3C0A1D9DF5CA9FA0431C9558 /* Pods-RateMyTeam.release.xcconfig */ = {isa = PBXFileReference; includeInIndex = 1; lastKnownFileType = text.xcconfig; name = "Pods-RateMyTeam.release.xcconfig"; path = "Target Support Files/Pods-RateMyTeam/Pods-RateMyTeam.release.xcconfig"; sourceTree = "<group>"; };
		652687C0143EDA923386C303 /* SharedContract.swift */ = {isa = PBXFileReference; explicitFileType = sourcecode.swift; path = SharedContract.swift; sourceTree = "<group>"; };
		67F8B7B87AD38F3FBC3D1074 /* RateContract.swift */ = {isa = PBXFileReference; explicitFileType = sourcecode.swift; path = RateContract.swift; sourceTree = "<group>"; };
		C61F7F9602D196B19901E7A1 /* Pods_RateMyTeam.framework */ = {isa = PBXFileReference; explicitFileType = wrapper.framework; includeInIndex = 0; path = Pods_RateMyTeam.framework; sourceTree = BUILT_PRODUCTS_DIR; };
		DEA6C4618C36B625480E3416 /* Pods-RateMyTeam.debug.xcconfig */ = {isa = PBXFileReference; includeInIndex = 1; lastKnownFileType = text.xcconfig; name = "Pods-RateMyTeam.debug.xcconfig"; path = "Target Support Files/Pods-RateMyTeam/Pods-RateMyTeam.debug.xcconfig"; sourceTree = "<group>"; };
		F822CF632394FF450059AF55 /* Store.swift */ = {isa = PBXFileReference; lastKnownFileType = sourcecode.swift; path = Store.swift; sourceTree = "<group>"; };
		F822CF65239501FE0059AF55 /* RateView.swift */ = {isa = PBXFileReference; lastKnownFileType = sourcecode.swift; path = RateView.swift; sourceTree = "<group>"; };
		F822CF67239507470059AF55 /* AppDependency.swift */ = {isa = PBXFileReference; lastKnownFileType = sourcecode.swift; path = AppDependency.swift; sourceTree = "<group>"; };
		F88C6759238ED1F300912435 /* RateMyTeam.app */ = {isa = PBXFileReference; explicitFileType = wrapper.application; includeInIndex = 0; path = RateMyTeam.app; sourceTree = BUILT_PRODUCTS_DIR; };
		F88C675C238ED1F300912435 /* AppDelegate.swift */ = {isa = PBXFileReference; lastKnownFileType = sourcecode.swift; path = AppDelegate.swift; sourceTree = "<group>"; };
		F88C675E238ED1F300912435 /* SceneDelegate.swift */ = {isa = PBXFileReference; lastKnownFileType = sourcecode.swift; path = SceneDelegate.swift; sourceTree = "<group>"; };
		F88C6762238ED1F700912435 /* Assets.xcassets */ = {isa = PBXFileReference; lastKnownFileType = folder.assetcatalog; path = Assets.xcassets; sourceTree = "<group>"; };
		F88C6765238ED1F700912435 /* Preview Assets.xcassets */ = {isa = PBXFileReference; lastKnownFileType = folder.assetcatalog; path = "Preview Assets.xcassets"; sourceTree = "<group>"; };
		F88C6768238ED1F700912435 /* Base */ = {isa = PBXFileReference; lastKnownFileType = file.storyboard; name = Base; path = Base.lproj/LaunchScreen.storyboard; sourceTree = "<group>"; };
		F88C676A238ED1F700912435 /* Info.plist */ = {isa = PBXFileReference; lastKnownFileType = text.plist.xml; path = Info.plist; sourceTree = "<group>"; };
		F88C676F238ED1F800912435 /* RateMyTeamTests.xctest */ = {isa = PBXFileReference; explicitFileType = wrapper.cfbundle; includeInIndex = 0; path = RateMyTeamTests.xctest; sourceTree = BUILT_PRODUCTS_DIR; };
		F88C6773238ED1F800912435 /* RateMyTeamTests.swift */ = {isa = PBXFileReference; lastKnownFileType = sourcecode.swift; path = RateMyTeamTests.swift; sourceTree = "<group>"; };
		F88C6775238ED1F800912435 /* Info.plist */ = {isa = PBXFileReference; lastKnownFileType = text.plist.xml; path = Info.plist; sourceTree = "<group>"; };
		F88C677A238ED1F800912435 /* RateMyTeamUITests.xctest */ = {isa = PBXFileReference; explicitFileType = wrapper.cfbundle; includeInIndex = 0; path = RateMyTeamUITests.xctest; sourceTree = BUILT_PRODUCTS_DIR; };
		F88C677E238ED1F800912435 /* RateMyTeamUITests.swift */ = {isa = PBXFileReference; lastKnownFileType = sourcecode.swift; path = RateMyTeamUITests.swift; sourceTree = "<group>"; };
		F88C6780238ED1F800912435 /* Info.plist */ = {isa = PBXFileReference; lastKnownFileType = text.plist.xml; path = Info.plist; sourceTree = "<group>"; };
/* End PBXFileReference section */

/* Begin PBXFrameworksBuildPhase section */
		F88C6756238ED1F300912435 /* Frameworks */ = {
			isa = PBXFrameworksBuildPhase;
			buildActionMask = 2147483647;
			files = (
				C8AAB5DB60D420204701E774 /* Pods_RateMyTeam.framework in Frameworks */,
			);
			runOnlyForDeploymentPostprocessing = 0;
		};
		F88C676C238ED1F800912435 /* Frameworks */ = {
			isa = PBXFrameworksBuildPhase;
			buildActionMask = 2147483647;
			files = (
			);
			runOnlyForDeploymentPostprocessing = 0;
		};
		F88C6777238ED1F800912435 /* Frameworks */ = {
			isa = PBXFrameworksBuildPhase;
			buildActionMask = 2147483647;
			files = (
			);
			runOnlyForDeploymentPostprocessing = 0;
		};
/* End PBXFrameworksBuildPhase section */

/* Begin PBXGroup section */
		4798EECD04F1AEB246F7257F /* Pods */ = {
			isa = PBXGroup;
			children = (
				DEA6C4618C36B625480E3416 /* Pods-RateMyTeam.debug.xcconfig */,
				3C0A1D9DF5CA9FA0431C9558 /* Pods-RateMyTeam.release.xcconfig */,
			);
			path = Pods;
			sourceTree = "<group>";
		};
		B96184D3EA60ED4C7CF64332 /* Frameworks */ = {
			isa = PBXGroup;
			children = (
				C61F7F9602D196B19901E7A1 /* Pods_RateMyTeam.framework */,
			);
			name = Frameworks;
			sourceTree = "<group>";
		};
		F88C6750238ED1F200912435 = {
			isa = PBXGroup;
			children = (
				F88C675B238ED1F300912435 /* RateMyTeam */,
				F88C6772238ED1F800912435 /* RateMyTeamTests */,
				F88C677D238ED1F800912435 /* RateMyTeamUITests */,
				F88C675A238ED1F300912435 /* Products */,
				4798EECD04F1AEB246F7257F /* Pods */,
				B96184D3EA60ED4C7CF64332 /* Frameworks */,
			);
			sourceTree = "<group>";
		};
		F88C675A238ED1F300912435 /* Products */ = {
			isa = PBXGroup;
			children = (
				F88C6759238ED1F300912435 /* RateMyTeam.app */,
				F88C676F238ED1F800912435 /* RateMyTeamTests.xctest */,
				F88C677A238ED1F800912435 /* RateMyTeamUITests.xctest */,
			);
			name = Products;
			sourceTree = "<group>";
		};
		F88C675B238ED1F300912435 /* RateMyTeam */ = {
			isa = PBXGroup;
			children = (
				F88C678C238ED25C00912435 /* Generated */,
				F88C675C238ED1F300912435 /* AppDelegate.swift */,
				F822CF67239507470059AF55 /* AppDependency.swift */,
				F88C675E238ED1F300912435 /* SceneDelegate.swift */,
				F822CF65239501FE0059AF55 /* RateView.swift */,
				F822CF632394FF450059AF55 /* Store.swift */,
				F88C6762238ED1F700912435 /* Assets.xcassets */,
				F88C6767238ED1F700912435 /* LaunchScreen.storyboard */,
				F88C676A238ED1F700912435 /* Info.plist */,
				F88C6764238ED1F700912435 /* Preview Content */,
			);
			path = RateMyTeam;
			sourceTree = "<group>";
		};
		F88C6764238ED1F700912435 /* Preview Content */ = {
			isa = PBXGroup;
			children = (
				F88C6765238ED1F700912435 /* Preview Assets.xcassets */,
			);
			path = "Preview Content";
			sourceTree = "<group>";
		};
		F88C6772238ED1F800912435 /* RateMyTeamTests */ = {
			isa = PBXGroup;
			children = (
				F88C6773238ED1F800912435 /* RateMyTeamTests.swift */,
				F88C6775238ED1F800912435 /* Info.plist */,
			);
			path = RateMyTeamTests;
			sourceTree = "<group>";
		};
		F88C677D238ED1F800912435 /* RateMyTeamUITests */ = {
			isa = PBXGroup;
			children = (
				F88C677E238ED1F800912435 /* RateMyTeamUITests.swift */,
				F88C6780238ED1F800912435 /* Info.plist */,
			);
			path = RateMyTeamUITests;
			sourceTree = "<group>";
		};
		F88C678C238ED25C00912435 /* Generated */ = {
			isa = PBXGroup;
			children = (
				67F8B7B87AD38F3FBC3D1074 /* RateContract.swift */,
				652687C0143EDA923386C303 /* SharedContract.swift */,
			);
			path = Generated;
			sourceTree = "<group>";
		};
/* End PBXGroup section */

/* Begin PBXNativeTarget section */
		F88C6758238ED1F300912435 /* RateMyTeam */ = {
			isa = PBXNativeTarget;
			buildConfigurationList = F88C6783238ED1F800912435 /* Build configuration list for PBXNativeTarget "RateMyTeam" */;
			buildPhases = (
				D4622A26FF057F35D1B148AD /* [CP] Check Pods Manifest.lock */,
				F88C6755238ED1F300912435 /* Sources */,
				F88C6756238ED1F300912435 /* Frameworks */,
				F88C6757238ED1F300912435 /* Resources */,
				599EA930D8A1864E04664518 /* [CP] Embed Pods Frameworks */,
			);
			buildRules = (
			);
			dependencies = (
			);
			name = RateMyTeam;
			productName = RateMyTeam;
			productReference = F88C6759238ED1F300912435 /* RateMyTeam.app */;
			productType = "com.apple.product-type.application";
		};
		F88C676E238ED1F800912435 /* RateMyTeamTests */ = {
			isa = PBXNativeTarget;
			buildConfigurationList = F88C6786238ED1F800912435 /* Build configuration list for PBXNativeTarget "RateMyTeamTests" */;
			buildPhases = (
				F88C676B238ED1F800912435 /* Sources */,
				F88C676C238ED1F800912435 /* Frameworks */,
				F88C676D238ED1F800912435 /* Resources */,
			);
			buildRules = (
			);
			dependencies = (
				F88C6771238ED1F800912435 /* PBXTargetDependency */,
			);
			name = RateMyTeamTests;
			productName = RateMyTeamTests;
			productReference = F88C676F238ED1F800912435 /* RateMyTeamTests.xctest */;
			productType = "com.apple.product-type.bundle.unit-test";
		};
		F88C6779238ED1F800912435 /* RateMyTeamUITests */ = {
			isa = PBXNativeTarget;
			buildConfigurationList = F88C6789238ED1F800912435 /* Build configuration list for PBXNativeTarget "RateMyTeamUITests" */;
			buildPhases = (
				F88C6776238ED1F800912435 /* Sources */,
				F88C6777238ED1F800912435 /* Frameworks */,
				F88C6778238ED1F800912435 /* Resources */,
			);
			buildRules = (
			);
			dependencies = (
				F88C677C238ED1F800912435 /* PBXTargetDependency */,
			);
			name = RateMyTeamUITests;
			productName = RateMyTeamUITests;
			productReference = F88C677A238ED1F800912435 /* RateMyTeamUITests.xctest */;
			productType = "com.apple.product-type.bundle.ui-testing";
		};
/* End PBXNativeTarget section */

/* Begin PBXProject section */
		F88C6751238ED1F300912435 /* Project object */ = {
			isa = PBXProject;
			attributes = {
				LastSwiftUpdateCheck = 1100;
				LastUpgradeCheck = 1100;
				ORGANIZATIONNAME = "Marek Fořt";
				TargetAttributes = {
					F88C6758238ED1F300912435 = {
						CreatedOnToolsVersion = 11.0;
					};
					F88C676E238ED1F800912435 = {
						CreatedOnToolsVersion = 11.0;
						TestTargetID = F88C6758238ED1F300912435;
					};
					F88C6779238ED1F800912435 = {
						CreatedOnToolsVersion = 11.0;
						TestTargetID = F88C6758238ED1F300912435;
					};
				};
			};
			buildConfigurationList = F88C6754238ED1F300912435 /* Build configuration list for PBXProject "RateMyTeam" */;
			compatibilityVersion = "Xcode 9.3";
			developmentRegion = en;
			hasScannedForEncodings = 0;
			knownRegions = (
				en,
				Base,
			);
			mainGroup = F88C6750238ED1F200912435;
			productRefGroup = F88C675A238ED1F300912435 /* Products */;
			projectDirPath = "";
			projectRoot = "";
			targets = (
				F88C6758238ED1F300912435 /* RateMyTeam */,
				F88C676E238ED1F800912435 /* RateMyTeamTests */,
				F88C6779238ED1F800912435 /* RateMyTeamUITests */,
			);
		};
/* End PBXProject section */

/* Begin PBXResourcesBuildPhase section */
		F88C6757238ED1F300912435 /* Resources */ = {
			isa = PBXResourcesBuildPhase;
			buildActionMask = 2147483647;
			files = (
				F88C6769238ED1F700912435 /* LaunchScreen.storyboard in Resources */,
				F88C6766238ED1F700912435 /* Preview Assets.xcassets in Resources */,
				F88C6763238ED1F700912435 /* Assets.xcassets in Resources */,
			);
			runOnlyForDeploymentPostprocessing = 0;
		};
		F88C676D238ED1F800912435 /* Resources */ = {
			isa = PBXResourcesBuildPhase;
			buildActionMask = 2147483647;
			files = (
			);
			runOnlyForDeploymentPostprocessing = 0;
		};
		F88C6778238ED1F800912435 /* Resources */ = {
			isa = PBXResourcesBuildPhase;
			buildActionMask = 2147483647;
			files = (
			);
			runOnlyForDeploymentPostprocessing = 0;
		};
/* End PBXResourcesBuildPhase section */

/* Begin PBXShellScriptBuildPhase section */
		599EA930D8A1864E04664518 /* [CP] Embed Pods Frameworks */ = {
			isa = PBXShellScriptBuildPhase;
			buildActionMask = 2147483647;
			files = (
			);
			inputFileListPaths = (
				"${PODS_ROOT}/Target Support Files/Pods-RateMyTeam/Pods-RateMyTeam-frameworks-${CONFIGURATION}-input-files.xcfilelist",
			);
			inputPaths = (
			);
			name = "[CP] Embed Pods Frameworks";
			outputFileListPaths = (
				"${PODS_ROOT}/Target Support Files/Pods-RateMyTeam/Pods-RateMyTeam-frameworks-${CONFIGURATION}-output-files.xcfilelist",
			);
			outputPaths = (
			);
			runOnlyForDeploymentPostprocessing = 0;
			shellPath = /bin/sh;
			shellScript = "\"${PODS_ROOT}/Target Support Files/Pods-RateMyTeam/Pods-RateMyTeam-frameworks.sh\"\n";
			showEnvVarsInLog = 0;
		};
		D4622A26FF057F35D1B148AD /* [CP] Check Pods Manifest.lock */ = {
			isa = PBXShellScriptBuildPhase;
			buildActionMask = 2147483647;
			files = (
			);
			inputFileListPaths = (
			);
			inputPaths = (
				"${PODS_PODFILE_DIR_PATH}/Podfile.lock",
				"${PODS_ROOT}/Manifest.lock",
			);
			name = "[CP] Check Pods Manifest.lock";
			outputFileListPaths = (
			);
			outputPaths = (
				"$(DERIVED_FILE_DIR)/Pods-RateMyTeam-checkManifestLockResult.txt",
			);
			runOnlyForDeploymentPostprocessing = 0;
			shellPath = /bin/sh;
			shellScript = "diff \"${PODS_PODFILE_DIR_PATH}/Podfile.lock\" \"${PODS_ROOT}/Manifest.lock\" > /dev/null\nif [ $? != 0 ] ; then\n    # print error to STDERR\n    echo \"error: The sandbox is not in sync with the Podfile.lock. Run 'pod install' or update your CocoaPods installation.\" >&2\n    exit 1\nfi\n# This output is used by Xcode 'outputs' to avoid re-running this script phase.\necho \"SUCCESS\" > \"${SCRIPT_OUTPUT_FILE_0}\"\n";
			showEnvVarsInLog = 0;
		};
/* End PBXShellScriptBuildPhase section */

/* Begin PBXSourcesBuildPhase section */
		F88C6755238ED1F300912435 /* Sources */ = {
			isa = PBXSourcesBuildPhase;
			buildActionMask = 2147483647;
			files = (
				F88C675D238ED1F300912435 /* AppDelegate.swift in Sources */,
				F822CF66239501FE0059AF55 /* RateView.swift in Sources */,
				F88C675F238ED1F300912435 /* SceneDelegate.swift in Sources */,
				F822CF642394FF450059AF55 /* Store.swift in Sources */,
				21B9F021D8313F4B9F79B350 /* RateContract.swift in Sources */,
				F822CF68239507480059AF55 /* AppDependency.swift in Sources */,
				5198881003B827D2FAF051A6 /* SharedContract.swift in Sources */,
			);
			runOnlyForDeploymentPostprocessing = 0;
		};
		F88C676B238ED1F800912435 /* Sources */ = {
			isa = PBXSourcesBuildPhase;
			buildActionMask = 2147483647;
			files = (
				F88C6774238ED1F800912435 /* RateMyTeamTests.swift in Sources */,
				9AE195E94384C3EE046C5C57 /* RateContract.swift in Sources */,
				1BE4A0C365A7F7B48D081B66 /* SharedContract.swift in Sources */,
			);
			runOnlyForDeploymentPostprocessing = 0;
		};
		F88C6776238ED1F800912435 /* Sources */ = {
			isa = PBXSourcesBuildPhase;
			buildActionMask = 2147483647;
			files = (
				F88C677F238ED1F800912435 /* RateMyTeamUITests.swift in Sources */,
				A9A097D54BD23C30BD760AAA /* RateContract.swift in Sources */,
				4ABC765DA1DAC1E4CFD27951 /* SharedContract.swift in Sources */,
			);
			runOnlyForDeploymentPostprocessing = 0;
		};
/* End PBXSourcesBuildPhase section */

/* Begin PBXTargetDependency section */
		F88C6771238ED1F800912435 /* PBXTargetDependency */ = {
			isa = PBXTargetDependency;
			target = F88C6758238ED1F300912435 /* RateMyTeam */;
			targetProxy = F88C6770238ED1F800912435 /* PBXContainerItemProxy */;
		};
		F88C677C238ED1F800912435 /* PBXTargetDependency */ = {
			isa = PBXTargetDependency;
			target = F88C6758238ED1F300912435 /* RateMyTeam */;
			targetProxy = F88C677B238ED1F800912435 /* PBXContainerItemProxy */;
		};
/* End PBXTargetDependency section */

/* Begin PBXVariantGroup section */
		F88C6767238ED1F700912435 /* LaunchScreen.storyboard */ = {
			isa = PBXVariantGroup;
			children = (
				F88C6768238ED1F700912435 /* Base */,
			);
			name = LaunchScreen.storyboard;
			sourceTree = "<group>";
		};
/* End PBXVariantGroup section */

/* Begin XCBuildConfiguration section */
		F88C6781238ED1F800912435 /* Debug */ = {
			isa = XCBuildConfiguration;
			buildSettings = {
				ALWAYS_SEARCH_USER_PATHS = NO;
				CLANG_ANALYZER_NONNULL = YES;
				CLANG_ANALYZER_NUMBER_OBJECT_CONVERSION = YES_AGGRESSIVE;
				CLANG_CXX_LANGUAGE_STANDARD = "gnu++14";
				CLANG_CXX_LIBRARY = "libc++";
				CLANG_ENABLE_MODULES = YES;
				CLANG_ENABLE_OBJC_ARC = YES;
				CLANG_ENABLE_OBJC_WEAK = YES;
				CLANG_WARN_BLOCK_CAPTURE_AUTORELEASING = YES;
				CLANG_WARN_BOOL_CONVERSION = YES;
				CLANG_WARN_COMMA = YES;
				CLANG_WARN_CONSTANT_CONVERSION = YES;
				CLANG_WARN_DEPRECATED_OBJC_IMPLEMENTATIONS = YES;
				CLANG_WARN_DIRECT_OBJC_ISA_USAGE = YES_ERROR;
				CLANG_WARN_DOCUMENTATION_COMMENTS = YES;
				CLANG_WARN_EMPTY_BODY = YES;
				CLANG_WARN_ENUM_CONVERSION = YES;
				CLANG_WARN_INFINITE_RECURSION = YES;
				CLANG_WARN_INT_CONVERSION = YES;
				CLANG_WARN_NON_LITERAL_NULL_CONVERSION = YES;
				CLANG_WARN_OBJC_IMPLICIT_RETAIN_SELF = YES;
				CLANG_WARN_OBJC_LITERAL_CONVERSION = YES;
				CLANG_WARN_OBJC_ROOT_CLASS = YES_ERROR;
				CLANG_WARN_RANGE_LOOP_ANALYSIS = YES;
				CLANG_WARN_STRICT_PROTOTYPES = YES;
				CLANG_WARN_SUSPICIOUS_MOVE = YES;
				CLANG_WARN_UNGUARDED_AVAILABILITY = YES_AGGRESSIVE;
				CLANG_WARN_UNREACHABLE_CODE = YES;
				CLANG_WARN__DUPLICATE_METHOD_MATCH = YES;
				COPY_PHASE_STRIP = NO;
				DEBUG_INFORMATION_FORMAT = dwarf;
				ENABLE_STRICT_OBJC_MSGSEND = YES;
				ENABLE_TESTABILITY = YES;
				GCC_C_LANGUAGE_STANDARD = gnu11;
				GCC_DYNAMIC_NO_PIC = NO;
				GCC_NO_COMMON_BLOCKS = YES;
				GCC_OPTIMIZATION_LEVEL = 0;
				GCC_PREPROCESSOR_DEFINITIONS = (
					"DEBUG=1",
					"$(inherited)",
				);
				GCC_WARN_64_TO_32_BIT_CONVERSION = YES;
				GCC_WARN_ABOUT_RETURN_TYPE = YES_ERROR;
				GCC_WARN_UNDECLARED_SELECTOR = YES;
				GCC_WARN_UNINITIALIZED_AUTOS = YES_AGGRESSIVE;
				GCC_WARN_UNUSED_FUNCTION = YES;
				GCC_WARN_UNUSED_VARIABLE = YES;
				IPHONEOS_DEPLOYMENT_TARGET = 13.0;
				MTL_ENABLE_DEBUG_INFO = INCLUDE_SOURCE;
				MTL_FAST_MATH = YES;
				ONLY_ACTIVE_ARCH = YES;
				SDKROOT = iphoneos;
				SWIFT_ACTIVE_COMPILATION_CONDITIONS = DEBUG;
				SWIFT_OPTIMIZATION_LEVEL = "-Onone";
			};
			name = Debug;
		};
		F88C6782238ED1F800912435 /* Release */ = {
			isa = XCBuildConfiguration;
			buildSettings = {
				ALWAYS_SEARCH_USER_PATHS = NO;
				CLANG_ANALYZER_NONNULL = YES;
				CLANG_ANALYZER_NUMBER_OBJECT_CONVERSION = YES_AGGRESSIVE;
				CLANG_CXX_LANGUAGE_STANDARD = "gnu++14";
				CLANG_CXX_LIBRARY = "libc++";
				CLANG_ENABLE_MODULES = YES;
				CLANG_ENABLE_OBJC_ARC = YES;
				CLANG_ENABLE_OBJC_WEAK = YES;
				CLANG_WARN_BLOCK_CAPTURE_AUTORELEASING = YES;
				CLANG_WARN_BOOL_CONVERSION = YES;
				CLANG_WARN_COMMA = YES;
				CLANG_WARN_CONSTANT_CONVERSION = YES;
				CLANG_WARN_DEPRECATED_OBJC_IMPLEMENTATIONS = YES;
				CLANG_WARN_DIRECT_OBJC_ISA_USAGE = YES_ERROR;
				CLANG_WARN_DOCUMENTATION_COMMENTS = YES;
				CLANG_WARN_EMPTY_BODY = YES;
				CLANG_WARN_ENUM_CONVERSION = YES;
				CLANG_WARN_INFINITE_RECURSION = YES;
				CLANG_WARN_INT_CONVERSION = YES;
				CLANG_WARN_NON_LITERAL_NULL_CONVERSION = YES;
				CLANG_WARN_OBJC_IMPLICIT_RETAIN_SELF = YES;
				CLANG_WARN_OBJC_LITERAL_CONVERSION = YES;
				CLANG_WARN_OBJC_ROOT_CLASS = YES_ERROR;
				CLANG_WARN_RANGE_LOOP_ANALYSIS = YES;
				CLANG_WARN_STRICT_PROTOTYPES = YES;
				CLANG_WARN_SUSPICIOUS_MOVE = YES;
				CLANG_WARN_UNGUARDED_AVAILABILITY = YES_AGGRESSIVE;
				CLANG_WARN_UNREACHABLE_CODE = YES;
				CLANG_WARN__DUPLICATE_METHOD_MATCH = YES;
				COPY_PHASE_STRIP = NO;
				DEBUG_INFORMATION_FORMAT = "dwarf-with-dsym";
				ENABLE_NS_ASSERTIONS = NO;
				ENABLE_STRICT_OBJC_MSGSEND = YES;
				GCC_C_LANGUAGE_STANDARD = gnu11;
				GCC_NO_COMMON_BLOCKS = YES;
				GCC_WARN_64_TO_32_BIT_CONVERSION = YES;
				GCC_WARN_ABOUT_RETURN_TYPE = YES_ERROR;
				GCC_WARN_UNDECLARED_SELECTOR = YES;
				GCC_WARN_UNINITIALIZED_AUTOS = YES_AGGRESSIVE;
				GCC_WARN_UNUSED_FUNCTION = YES;
				GCC_WARN_UNUSED_VARIABLE = YES;
				IPHONEOS_DEPLOYMENT_TARGET = 13.0;
				MTL_ENABLE_DEBUG_INFO = NO;
				MTL_FAST_MATH = YES;
				SDKROOT = iphoneos;
				SWIFT_COMPILATION_MODE = wholemodule;
				SWIFT_OPTIMIZATION_LEVEL = "-O";
				VALIDATE_PRODUCT = YES;
			};
			name = Release;
		};
		F88C6784238ED1F800912435 /* Debug */ = {
			isa = XCBuildConfiguration;
			baseConfigurationReference = DEA6C4618C36B625480E3416 /* Pods-RateMyTeam.debug.xcconfig */;
			buildSettings = {
				ASSETCATALOG_COMPILER_APPICON_NAME = AppIcon;
				CODE_SIGN_STYLE = Automatic;
				DEVELOPMENT_ASSET_PATHS = "\"RateMyTeam/Preview Content\"";
				ENABLE_PREVIEWS = YES;
				INFOPLIST_FILE = RateMyTeam/Info.plist;
				LD_RUNPATH_SEARCH_PATHS = (
					"$(inherited)",
					"@executable_path/Frameworks",
				);
				PRODUCT_BUNDLE_IDENTIFIER = ackee.RateMyTeam;
				PRODUCT_NAME = "$(TARGET_NAME)";
				SWIFT_VERSION = 5.0;
				TARGETED_DEVICE_FAMILY = "1,2";
			};
			name = Debug;
		};
		F88C6785238ED1F800912435 /* Release */ = {
			isa = XCBuildConfiguration;
			baseConfigurationReference = 3C0A1D9DF5CA9FA0431C9558 /* Pods-RateMyTeam.release.xcconfig */;
			buildSettings = {
				ASSETCATALOG_COMPILER_APPICON_NAME = AppIcon;
				CODE_SIGN_STYLE = Automatic;
				DEVELOPMENT_ASSET_PATHS = "\"RateMyTeam/Preview Content\"";
				ENABLE_PREVIEWS = YES;
				INFOPLIST_FILE = RateMyTeam/Info.plist;
				LD_RUNPATH_SEARCH_PATHS = (
					"$(inherited)",
					"@executable_path/Frameworks",
				);
				PRODUCT_BUNDLE_IDENTIFIER = ackee.RateMyTeam;
				PRODUCT_NAME = "$(TARGET_NAME)";
				SWIFT_VERSION = 5.0;
				TARGETED_DEVICE_FAMILY = "1,2";
			};
			name = Release;
		};
		F88C6787238ED1F800912435 /* Debug */ = {
			isa = XCBuildConfiguration;
			buildSettings = {
				ALWAYS_EMBED_SWIFT_STANDARD_LIBRARIES = YES;
				BUNDLE_LOADER = "$(TEST_HOST)";
				CODE_SIGN_STYLE = Automatic;
				INFOPLIST_FILE = RateMyTeamTests/Info.plist;
				IPHONEOS_DEPLOYMENT_TARGET = 13.0;
				LD_RUNPATH_SEARCH_PATHS = (
					"$(inherited)",
					"@executable_path/Frameworks",
					"@loader_path/Frameworks",
				);
				PRODUCT_BUNDLE_IDENTIFIER = ackee.RateMyTeamTests;
				PRODUCT_NAME = "$(TARGET_NAME)";
				SWIFT_VERSION = 5.0;
				TARGETED_DEVICE_FAMILY = "1,2";
				TEST_HOST = "$(BUILT_PRODUCTS_DIR)/RateMyTeam.app/RateMyTeam";
			};
			name = Debug;
		};
		F88C6788238ED1F800912435 /* Release */ = {
			isa = XCBuildConfiguration;
			buildSettings = {
				ALWAYS_EMBED_SWIFT_STANDARD_LIBRARIES = YES;
				BUNDLE_LOADER = "$(TEST_HOST)";
				CODE_SIGN_STYLE = Automatic;
				INFOPLIST_FILE = RateMyTeamTests/Info.plist;
				IPHONEOS_DEPLOYMENT_TARGET = 13.0;
				LD_RUNPATH_SEARCH_PATHS = (
					"$(inherited)",
					"@executable_path/Frameworks",
					"@loader_path/Frameworks",
				);
				PRODUCT_BUNDLE_IDENTIFIER = ackee.RateMyTeamTests;
				PRODUCT_NAME = "$(TARGET_NAME)";
				SWIFT_VERSION = 5.0;
				TARGETED_DEVICE_FAMILY = "1,2";
				TEST_HOST = "$(BUILT_PRODUCTS_DIR)/RateMyTeam.app/RateMyTeam";
			};
			name = Release;
		};
		F88C678A238ED1F800912435 /* Debug */ = {
			isa = XCBuildConfiguration;
			buildSettings = {
				ALWAYS_EMBED_SWIFT_STANDARD_LIBRARIES = YES;
				CODE_SIGN_STYLE = Automatic;
				INFOPLIST_FILE = RateMyTeamUITests/Info.plist;
				LD_RUNPATH_SEARCH_PATHS = (
					"$(inherited)",
					"@executable_path/Frameworks",
					"@loader_path/Frameworks",
				);
				PRODUCT_BUNDLE_IDENTIFIER = ackee.RateMyTeamUITests;
				PRODUCT_NAME = "$(TARGET_NAME)";
				SWIFT_VERSION = 5.0;
				TARGETED_DEVICE_FAMILY = "1,2";
				TEST_TARGET_NAME = RateMyTeam;
			};
			name = Debug;
		};
		F88C678B238ED1F800912435 /* Release */ = {
			isa = XCBuildConfiguration;
			buildSettings = {
				ALWAYS_EMBED_SWIFT_STANDARD_LIBRARIES = YES;
				CODE_SIGN_STYLE = Automatic;
				INFOPLIST_FILE = RateMyTeamUITests/Info.plist;
				LD_RUNPATH_SEARCH_PATHS = (
					"$(inherited)",
					"@executable_path/Frameworks",
					"@loader_path/Frameworks",
				);
				PRODUCT_BUNDLE_IDENTIFIER = ackee.RateMyTeamUITests;
				PRODUCT_NAME = "$(TARGET_NAME)";
				SWIFT_VERSION = 5.0;
				TARGETED_DEVICE_FAMILY = "1,2";
				TEST_TARGET_NAME = RateMyTeam;
			};
			name = Release;
		};
/* End XCBuildConfiguration section */

/* Begin XCConfigurationList section */
		F88C6754238ED1F300912435 /* Build configuration list for PBXProject "RateMyTeam" */ = {
			isa = XCConfigurationList;
			buildConfigurations = (
				F88C6781238ED1F800912435 /* Debug */,
				F88C6782238ED1F800912435 /* Release */,
			);
			defaultConfigurationIsVisible = 0;
			defaultConfigurationName = Release;
		};
		F88C6783238ED1F800912435 /* Build configuration list for PBXNativeTarget "RateMyTeam" */ = {
			isa = XCConfigurationList;
			buildConfigurations = (
				F88C6784238ED1F800912435 /* Debug */,
				F88C6785238ED1F800912435 /* Release */,
			);
			defaultConfigurationIsVisible = 0;
			defaultConfigurationName = Release;
		};
		F88C6786238ED1F800912435 /* Build configuration list for PBXNativeTarget "RateMyTeamTests" */ = {
			isa = XCConfigurationList;
			buildConfigurations = (
				F88C6787238ED1F800912435 /* Debug */,
				F88C6788238ED1F800912435 /* Release */,
			);
			defaultConfigurationIsVisible = 0;
			defaultConfigurationName = Release;
		};
		F88C6789238ED1F800912435 /* Build configuration list for PBXNativeTarget "RateMyTeamUITests" */ = {
			isa = XCConfigurationList;
			buildConfigurations = (
				F88C678A238ED1F800912435 /* Debug */,
				F88C678B238ED1F800912435 /* Release */,
			);
			defaultConfigurationIsVisible = 0;
			defaultConfigurationName = Release;
		};
/* End XCConfigurationList section */
	};
	rootObject = F88C6751238ED1F300912435 /* Project object */;
}
